
Microsoft Visual Studio Solution File, Format Version 12.00
# Visual Studio Version 17
VisualStudioVersion = 17.0.31903.59
MinimumVisualStudioVersion = 10.0.40219.1
Project("{2150E333-8FDC-42A3-9474-1A3956D46DE8}") = "BuildingBlocks", "BuildingBlocks", "{7266C4A9-E384-DC00-0EB6-47F6002CFBA7}"
EndProject
Project("{FAE04EC0-301F-11D3-BF4B-00C04F79EFBC}") = "Drobble.Shared.Kernel", "src\building-blocks\Drobble.Shared.Kernel\Drobble.Shared.Kernel.csproj", "{C7812F4F-2252-4F01-A392-92687F289FD1}"
EndProject
Project("{FAE04EC0-301F-11D3-BF4B-00C04F79EFBC}") = "Drobble.Shared.EventBus", "src\building-blocks\Drobble.Shared.EventBus\Drobble.Shared.EventBus.csproj", "{080F7DB6-5FE5-4920-ACFD-D05E8E37913A}"
EndProject
Project("{FAE04EC0-301F-11D3-BF4B-00C04F79EFBC}") = "Drobble.Shared.Infrastructure", "src\building-blocks\Drobble.Shared.Infrastructure\Drobble.Shared.Infrastructure.csproj", "{7C38E7AF-6D65-4F45-986C-5F8584ECDB9B}"
EndProject
Project("{2150E333-8FDC-42A3-9474-1A3956D46DE8}") = "Gateways", "Gateways", "{C3A202AD-EADD-4864-49DF-ED20E2971546}"
EndProject
Project("{FAE04EC0-301F-11D3-BF4B-00C04F79EFBC}") = "Drobble.ApiGateway", "src\gateways\Drobble.ApiGateway\Drobble.ApiGateway.csproj", "{C721383F-3AC3-49A7-A369-A1E4D17D4E66}"
EndProject
Project("{2150E333-8FDC-42A3-9474-1A3956D46DE8}") = "Services", "Services", "{5854FF58-B8C5-05C6-5BF2-ACE42193F22B}"
EndProject
Project("{2150E333-8FDC-42A3-9474-1A3956D46DE8}") = "ProductCatalog", "ProductCatalog", "{D0F413A4-5BBA-7208-D195-C9A04B258A27}"
EndProject
Project("{FAE04EC0-301F-11D3-BF4B-00C04F79EFBC}") = "Drobble.ProductCatalog.Api", "src\services\ProductCatalog\Drobble.ProductCatalog.Api\Drobble.ProductCatalog.Api.csproj", "{1F444954-9FDC-4927-AC40-928B58A54BC8}"
EndProject
Project("{FAE04EC0-301F-11D3-BF4B-00C04F79EFBC}") = "Drobble.ProductCatalog.Application", "src\services\ProductCatalog\Drobble.ProductCatalog.Application\Drobble.ProductCatalog.Application.csproj", "{5A5927F7-C360-46D7-BFD1-AC062DDF7650}"
EndProject
Project("{FAE04EC0-301F-11D3-BF4B-00C04F79EFBC}") = "Drobble.ProductCatalog.Domain", "src\services\ProductCatalog\Drobble.ProductCatalog.Domain\Drobble.ProductCatalog.Domain.csproj", "{A4C6C277-42E7-4020-9155-4540BC6B9D31}"
EndProject
Project("{FAE04EC0-301F-11D3-BF4B-00C04F79EFBC}") = "Drobble.ProductCatalog.Infrastructure", "src\services\ProductCatalog\Drobble.ProductCatalog.Infrastructure\Drobble.ProductCatalog.Infrastructure.csproj", "{7FEF197C-29AE-426A-8A2E-378A4514DFBA}"
EndProject
Project("{2150E333-8FDC-42A3-9474-1A3956D46DE8}") = "Tests", "Tests", "{0AB3BF05-4346-4AA6-1389-037BE0695223}"
EndProject
Project("{2150E333-8FDC-42A3-9474-1A3956D46DE8}") = "ProductCatalog", "ProductCatalog", "{1F298FE1-453C-F6BF-5340-2BE62CA6E8BD}"
EndProject
Project("{FAE04EC0-301F-11D3-BF4B-00C04F79EFBC}") = "Drobble.ProductCatalog.UnitTests", "tests\ProductCatalog.UnitTests\Drobble.ProductCatalog.UnitTests.csproj", "{729A3547-57C1-423E-82F1-6D89D46CE84A}"
EndProject
Project("{FAE04EC0-301F-11D3-BF4B-00C04F79EFBC}") = "Drobble.ProductCatalog.IntegrationTests", "tests\ProductCatalog.IntegrationTests\Drobble.ProductCatalog.IntegrationTests.csproj", "{AAF6E781-15D8-4EB2-91DA-7038B5FA2B69}"
EndProject
Project("{2150E333-8FDC-42A3-9474-1A3956D46DE8}") = "UserManagement", "UserManagement", "{81C5FF0A-6941-4A42-E912-C1CFE77F0226}"
EndProject
Project("{FAE04EC0-301F-11D3-BF4B-00C04F79EFBC}") = "Drobble.UserManagement.Api", "src\services\UserManagement\Drobble.UserManagement.Api\Drobble.UserManagement.Api.csproj", "{81505EAF-3A30-460F-A034-6CA9A5027BD0}"
EndProject
Project("{FAE04EC0-301F-11D3-BF4B-00C04F79EFBC}") = "Drobble.UserManagement.Application", "src\services\UserManagement\Drobble.UserManagement.Application\Drobble.UserManagement.Application.csproj", "{940F4BF5-2476-4E12-BC19-33967DBB243F}"
EndProject
Project("{FAE04EC0-301F-11D3-BF4B-00C04F79EFBC}") = "Drobble.UserManagement.Domain", "src\services\UserManagement\Drobble.UserManagement.Domain\Drobble.UserManagement.Domain.csproj", "{3DDF0159-47AD-4F92-8161-53BF977333EC}"
EndProject
Project("{FAE04EC0-301F-11D3-BF4B-00C04F79EFBC}") = "Drobble.UserManagement.Infrastructure", "src\services\UserManagement\Drobble.UserManagement.Infrastructure\Drobble.UserManagement.Infrastructure.csproj", "{61CE41CF-447E-47C6-8C4E-AE45137E2DE0}"
EndProject
Project("{2150E333-8FDC-42A3-9474-1A3956D46DE8}") = "UserManagement", "UserManagement", "{70B44E0C-5DCD-0C74-B54B-46D96F913B34}"
EndProject
Project("{FAE04EC0-301F-11D3-BF4B-00C04F79EFBC}") = "Drobble.UserManagement.UnitTests", "tests\UserManagement.UnitTests\Drobble.UserManagement.UnitTests.csproj", "{53CC8210-AB0D-4423-A662-1411F6F75303}"
EndProject
Project("{FAE04EC0-301F-11D3-BF4B-00C04F79EFBC}") = "Drobble.UserManagement.IntegrationTests", "tests\UserManagement.IntegrationTests\Drobble.UserManagement.IntegrationTests.csproj", "{604F66F3-2BEF-4EE4-80EF-AD7FB2EDD8C4}"
EndProject
Project("{2150E333-8FDC-42A3-9474-1A3956D46DE8}") = "ShoppingCart", "ShoppingCart", "{C5760A32-6F1B-A540-919A-F9AA37DEFC63}"
EndProject
Project("{FAE04EC0-301F-11D3-BF4B-00C04F79EFBC}") = "Drobble.ShoppingCart.Api", "src\services\ShoppingCart\Drobble.ShoppingCart.Api\Drobble.ShoppingCart.Api.csproj", "{CDA1C075-4A54-4522-8CBF-F7B84D4300B6}"
EndProject
Project("{FAE04EC0-301F-11D3-BF4B-00C04F79EFBC}") = "Drobble.ShoppingCart.Application", "src\services\ShoppingCart\Drobble.ShoppingCart.Application\Drobble.ShoppingCart.Application.csproj", "{51563A99-A371-4C26-BE64-E74559408A42}"
EndProject
Project("{FAE04EC0-301F-11D3-BF4B-00C04F79EFBC}") = "Drobble.ShoppingCart.Domain", "src\services\ShoppingCart\Drobble.ShoppingCart.Domain\Drobble.ShoppingCart.Domain.csproj", "{59081574-A126-4AE4-B738-118DC85F342D}"
EndProject
Project("{FAE04EC0-301F-11D3-BF4B-00C04F79EFBC}") = "Drobble.ShoppingCart.Infrastructure", "src\services\ShoppingCart\Drobble.ShoppingCart.Infrastructure\Drobble.ShoppingCart.Infrastructure.csproj", "{B26C719E-90DA-4168-89AB-DBC4607C268B}"
EndProject
Project("{2150E333-8FDC-42A3-9474-1A3956D46DE8}") = "ShoppingCart", "ShoppingCart", "{D0B48F9C-CFD9-30F6-6B83-606D10182C22}"
EndProject
Project("{FAE04EC0-301F-11D3-BF4B-00C04F79EFBC}") = "Drobble.ShoppingCart.UnitTests", "tests\ShoppingCart.UnitTests\Drobble.ShoppingCart.UnitTests.csproj", "{677A4AE8-8CC5-4CB8-B4E4-039CE576CD41}"
EndProject
Project("{FAE04EC0-301F-11D3-BF4B-00C04F79EFBC}") = "Drobble.ShoppingCart.IntegrationTests", "tests\ShoppingCart.IntegrationTests\Drobble.ShoppingCart.IntegrationTests.csproj", "{28573AD7-D6C5-4348-BB14-5C7CE26B3101}"
EndProject
Project("{2150E333-8FDC-42A3-9474-1A3956D46DE8}") = "OrderManagement", "OrderManagement", "{1B99617F-2110-075A-BABA-92E9E80AB82A}"
EndProject
Project("{FAE04EC0-301F-11D3-BF4B-00C04F79EFBC}") = "Drobble.OrderManagement.Api", "src\services\OrderManagement\Drobble.OrderManagement.Api\Drobble.OrderManagement.Api.csproj", "{EF920A5F-515B-45EB-9BAD-4FA7C38C8AE5}"
EndProject
Project("{FAE04EC0-301F-11D3-BF4B-00C04F79EFBC}") = "Drobble.OrderManagement.Domain", "src\services\OrderManagement\Drobble.OrderManagement.Domain\Drobble.OrderManagement.Domain.csproj", "{3D8C9E62-D1E3-443F-8501-D27EED9E524D}"
EndProject
Project("{FAE04EC0-301F-11D3-BF4B-00C04F79EFBC}") = "Drobble.OrderManagement.Infrastructure", "src\services\OrderManagement\Drobble.OrderManagement.Infrastructure\Drobble.OrderManagement.Infrastructure.csproj", "{0CBFE806-61B0-439E-9DEC-F99441CE759E}"
EndProject
Project("{2150E333-8FDC-42A3-9474-1A3956D46DE8}") = "OrderManagement", "OrderManagement", "{E6D7293F-751E-08D4-F156-3E60E7DA2702}"
EndProject
Project("{FAE04EC0-301F-11D3-BF4B-00C04F79EFBC}") = "Drobble.OrderManagement.UnitTests", "tests\OrderManagement.UnitTests\Drobble.OrderManagement.UnitTests.csproj", "{0EDF1703-1FF2-4C23-99A1-AB6E2728AC43}"
EndProject
Project("{FAE04EC0-301F-11D3-BF4B-00C04F79EFBC}") = "Drobble.OrderManagement.IntegrationTests", "tests\OrderManagement.IntegrationTests\Drobble.OrderManagement.IntegrationTests.csproj", "{F8F5CAEF-B8E7-4095-B545-F7E1AFC320CF}"
EndProject
Project("{2150E333-8FDC-42A3-9474-1A3956D46DE8}") = "Payment", "Payment", "{714CC2AF-245C-D6B1-E117-A1157E62AF44}"
EndProject
Project("{FAE04EC0-301F-11D3-BF4B-00C04F79EFBC}") = "Drobble.Payment.Api", "src\services\Payment\Drobble.Payment.Api\Drobble.Payment.Api.csproj", "{9E507802-0BF9-4053-8D48-C1BACF8E2FA0}"
EndProject
Project("{FAE04EC0-301F-11D3-BF4B-00C04F79EFBC}") = "Drobble.Payment.Application", "src\services\Payment\Drobble.Payment.Application\Drobble.Payment.Application.csproj", "{62A929B7-CFB8-4E14-8FF8-E702A8195C5B}"
EndProject
Project("{FAE04EC0-301F-11D3-BF4B-00C04F79EFBC}") = "Drobble.Payment.Domain", "src\services\Payment\Drobble.Payment.Domain\Drobble.Payment.Domain.csproj", "{09F03C05-F2B6-4B1E-BECB-911A55F4A109}"
EndProject
Project("{FAE04EC0-301F-11D3-BF4B-00C04F79EFBC}") = "Drobble.Payment.Infrastructure", "src\services\Payment\Drobble.Payment.Infrastructure\Drobble.Payment.Infrastructure.csproj", "{77680541-2776-4B90-825E-5975B182BF02}"
EndProject
Project("{2150E333-8FDC-42A3-9474-1A3956D46DE8}") = "Payment", "Payment", "{B7EE82CF-805A-C1B2-5DB7-B308AD7340B4}"
EndProject
Project("{FAE04EC0-301F-11D3-BF4B-00C04F79EFBC}") = "Drobble.Payment.UnitTests", "tests\Payment.UnitTests\Drobble.Payment.UnitTests.csproj", "{CDD4C65E-13F7-4AF7-BA59-493CF62BC086}"
EndProject
Project("{FAE04EC0-301F-11D3-BF4B-00C04F79EFBC}") = "Drobble.Payment.IntegrationTests", "tests\Payment.IntegrationTests\Drobble.Payment.IntegrationTests.csproj", "{88E5A3E8-CC3D-47A3-BD2D-C2A1FD2260D6}"
EndProject
Project("{2150E333-8FDC-42A3-9474-1A3956D46DE8}") = "SearchDiscovery", "SearchDiscovery", "{BD41F2D9-5CF1-47AF-DD4C-8F9BDB1570AB}"
EndProject
Project("{FAE04EC0-301F-11D3-BF4B-00C04F79EFBC}") = "Drobble.SearchDiscovery.Api", "src\services\SearchDiscovery\Drobble.SearchDiscovery.Api\Drobble.SearchDiscovery.Api.csproj", "{C743A3B7-B186-4B85-BD22-A46915F043C0}"
EndProject
Project("{FAE04EC0-301F-11D3-BF4B-00C04F79EFBC}") = "Drobble.SearchDiscovery.Application", "src\services\SearchDiscovery\Drobble.SearchDiscovery.Application\Drobble.SearchDiscovery.Application.csproj", "{0AF533B3-B7D2-4B8A-8950-1BE49897A4BB}"
EndProject
Project("{FAE04EC0-301F-11D3-BF4B-00C04F79EFBC}") = "Drobble.SearchDiscovery.Domain", "src\services\SearchDiscovery\Drobble.SearchDiscovery.Domain\Drobble.SearchDiscovery.Domain.csproj", "{1C17E930-C26C-49A1-83D3-C00FF33E33A1}"
EndProject
Project("{FAE04EC0-301F-11D3-BF4B-00C04F79EFBC}") = "Drobble.SearchDiscovery.Infrastructure", "src\services\SearchDiscovery\Drobble.SearchDiscovery.Infrastructure\Drobble.SearchDiscovery.Infrastructure.csproj", "{A199BA0D-321B-4A02-8E02-9A19CE46E913}"
EndProject
Project("{2150E333-8FDC-42A3-9474-1A3956D46DE8}") = "SearchDiscovery", "SearchDiscovery", "{67B27323-25F2-8682-CE3E-8801FE3937A4}"
EndProject
Project("{FAE04EC0-301F-11D3-BF4B-00C04F79EFBC}") = "Drobble.SearchDiscovery.UnitTests", "tests\SearchDiscovery.UnitTests\Drobble.SearchDiscovery.UnitTests.csproj", "{07140E9C-3F3B-4A4A-8D46-1FC013BBE470}"
EndProject
Project("{FAE04EC0-301F-11D3-BF4B-00C04F79EFBC}") = "Drobble.SearchDiscovery.IntegrationTests", "tests\SearchDiscovery.IntegrationTests\Drobble.SearchDiscovery.IntegrationTests.csproj", "{FD6A5E32-C930-4DBC-89D9-87CFED2616EA}"
EndProject
Project("{2150E333-8FDC-42A3-9474-1A3956D46DE8}") = "ReviewsRatings", "ReviewsRatings", "{945EC6EF-05EB-58C8-115F-1B71AC3C36BA}"
EndProject
Project("{FAE04EC0-301F-11D3-BF4B-00C04F79EFBC}") = "Drobble.ReviewsRatings.Api", "src\services\ReviewsRatings\Drobble.ReviewsRatings.Api\Drobble.ReviewsRatings.Api.csproj", "{1485A329-CAAA-4EAC-A65C-ADE047324DD2}"
EndProject
Project("{FAE04EC0-301F-11D3-BF4B-00C04F79EFBC}") = "Drobble.ReviewsRatings.Application", "src\services\ReviewsRatings\Drobble.ReviewsRatings.Application\Drobble.ReviewsRatings.Application.csproj", "{E915783D-E50F-4552-8D2C-A800505A1688}"
EndProject
Project("{FAE04EC0-301F-11D3-BF4B-00C04F79EFBC}") = "Drobble.ReviewsRatings.Domain", "src\services\ReviewsRatings\Drobble.ReviewsRatings.Domain\Drobble.ReviewsRatings.Domain.csproj", "{D43D39DC-DAA7-4F8C-86EA-60B7D0B2483B}"
EndProject
Project("{FAE04EC0-301F-11D3-BF4B-00C04F79EFBC}") = "Drobble.ReviewsRatings.Infrastructure", "src\services\ReviewsRatings\Drobble.ReviewsRatings.Infrastructure\Drobble.ReviewsRatings.Infrastructure.csproj", "{1C11C9D7-B4C2-488E-A2EB-9D4D4063519A}"
EndProject
Project("{2150E333-8FDC-42A3-9474-1A3956D46DE8}") = "ReviewsRatings", "ReviewsRatings", "{B6F2051A-458D-A611-CB08-BE984F3A9E9C}"
EndProject
Project("{FAE04EC0-301F-11D3-BF4B-00C04F79EFBC}") = "Drobble.ReviewsRatings.UnitTests", "tests\ReviewsRatings.UnitTests\Drobble.ReviewsRatings.UnitTests.csproj", "{25AA7EEE-38F2-4BD7-B0EE-C07400EB7E15}"
EndProject
Project("{FAE04EC0-301F-11D3-BF4B-00C04F79EFBC}") = "Drobble.ReviewsRatings.IntegrationTests", "tests\ReviewsRatings.IntegrationTests\Drobble.ReviewsRatings.IntegrationTests.csproj", "{DD34BE03-5B69-412F-96A8-07D8C3226289}"
EndProject
Project("{FAE04EC0-301F-11D3-BF4B-00C04F79EFBC}") = "Drobble.OrderManagement.Application", "src\services\OrderManagement\Drobble.OrderManagement.Application\Drobble.OrderManagement.Application.csproj", "{BAE13D44-9994-05CD-A5CF-32F23C2233F6}"
EndProject
Global
	GlobalSection(SolutionConfigurationPlatforms) = preSolution
		Debug|Any CPU = Debug|Any CPU
		Debug|x64 = Debug|x64
		Debug|x86 = Debug|x86
		Release|Any CPU = Release|Any CPU
		Release|x64 = Release|x64
		Release|x86 = Release|x86
	EndGlobalSection
	GlobalSection(ProjectConfigurationPlatforms) = postSolution
		{C7812F4F-2252-4F01-A392-92687F289FD1}.Debug|Any CPU.ActiveCfg = Debug|Any CPU
		{C7812F4F-2252-4F01-A392-92687F289FD1}.Debug|Any CPU.Build.0 = Debug|Any CPU
		{C7812F4F-2252-4F01-A392-92687F289FD1}.Debug|x64.ActiveCfg = Debug|Any CPU
		{C7812F4F-2252-4F01-A392-92687F289FD1}.Debug|x64.Build.0 = Debug|Any CPU
		{C7812F4F-2252-4F01-A392-92687F289FD1}.Debug|x86.ActiveCfg = Debug|Any CPU
		{C7812F4F-2252-4F01-A392-92687F289FD1}.Debug|x86.Build.0 = Debug|Any CPU
		{C7812F4F-2252-4F01-A392-92687F289FD1}.Release|Any CPU.ActiveCfg = Release|Any CPU
		{C7812F4F-2252-4F01-A392-92687F289FD1}.Release|Any CPU.Build.0 = Release|Any CPU
		{C7812F4F-2252-4F01-A392-92687F289FD1}.Release|x64.ActiveCfg = Release|Any CPU
		{C7812F4F-2252-4F01-A392-92687F289FD1}.Release|x64.Build.0 = Release|Any CPU
		{C7812F4F-2252-4F01-A392-92687F289FD1}.Release|x86.ActiveCfg = Release|Any CPU
		{C7812F4F-2252-4F01-A392-92687F289FD1}.Release|x86.Build.0 = Release|Any CPU
		{080F7DB6-5FE5-4920-ACFD-D05E8E37913A}.Debug|Any CPU.ActiveCfg = Debug|Any CPU
		{080F7DB6-5FE5-4920-ACFD-D05E8E37913A}.Debug|Any CPU.Build.0 = Debug|Any CPU
		{080F7DB6-5FE5-4920-ACFD-D05E8E37913A}.Debug|x64.ActiveCfg = Debug|Any CPU
		{080F7DB6-5FE5-4920-ACFD-D05E8E37913A}.Debug|x64.Build.0 = Debug|Any CPU
		{080F7DB6-5FE5-4920-ACFD-D05E8E37913A}.Debug|x86.ActiveCfg = Debug|Any CPU
		{080F7DB6-5FE5-4920-ACFD-D05E8E37913A}.Debug|x86.Build.0 = Debug|Any CPU
		{080F7DB6-5FE5-4920-ACFD-D05E8E37913A}.Release|Any CPU.ActiveCfg = Release|Any CPU
		{080F7DB6-5FE5-4920-ACFD-D05E8E37913A}.Release|Any CPU.Build.0 = Release|Any CPU
		{080F7DB6-5FE5-4920-ACFD-D05E8E37913A}.Release|x64.ActiveCfg = Release|Any CPU
		{080F7DB6-5FE5-4920-ACFD-D05E8E37913A}.Release|x64.Build.0 = Release|Any CPU
		{080F7DB6-5FE5-4920-ACFD-D05E8E37913A}.Release|x86.ActiveCfg = Release|Any CPU
		{080F7DB6-5FE5-4920-ACFD-D05E8E37913A}.Release|x86.Build.0 = Release|Any CPU
		{7C38E7AF-6D65-4F45-986C-5F8584ECDB9B}.Debug|Any CPU.ActiveCfg = Debug|Any CPU
		{7C38E7AF-6D65-4F45-986C-5F8584ECDB9B}.Debug|Any CPU.Build.0 = Debug|Any CPU
		{7C38E7AF-6D65-4F45-986C-5F8584ECDB9B}.Debug|x64.ActiveCfg = Debug|Any CPU
		{7C38E7AF-6D65-4F45-986C-5F8584ECDB9B}.Debug|x64.Build.0 = Debug|Any CPU
		{7C38E7AF-6D65-4F45-986C-5F8584ECDB9B}.Debug|x86.ActiveCfg = Debug|Any CPU
		{7C38E7AF-6D65-4F45-986C-5F8584ECDB9B}.Debug|x86.Build.0 = Debug|Any CPU
		{7C38E7AF-6D65-4F45-986C-5F8584ECDB9B}.Release|Any CPU.ActiveCfg = Release|Any CPU
		{7C38E7AF-6D65-4F45-986C-5F8584ECDB9B}.Release|Any CPU.Build.0 = Release|Any CPU
		{7C38E7AF-6D65-4F45-986C-5F8584ECDB9B}.Release|x64.ActiveCfg = Release|Any CPU
		{7C38E7AF-6D65-4F45-986C-5F8584ECDB9B}.Release|x64.Build.0 = Release|Any CPU
		{7C38E7AF-6D65-4F45-986C-5F8584ECDB9B}.Release|x86.ActiveCfg = Release|Any CPU
		{7C38E7AF-6D65-4F45-986C-5F8584ECDB9B}.Release|x86.Build.0 = Release|Any CPU
		{C721383F-3AC3-49A7-A369-A1E4D17D4E66}.Debug|Any CPU.ActiveCfg = Debug|Any CPU
		{C721383F-3AC3-49A7-A369-A1E4D17D4E66}.Debug|Any CPU.Build.0 = Debug|Any CPU
		{C721383F-3AC3-49A7-A369-A1E4D17D4E66}.Debug|x64.ActiveCfg = Debug|Any CPU
		{C721383F-3AC3-49A7-A369-A1E4D17D4E66}.Debug|x64.Build.0 = Debug|Any CPU
		{C721383F-3AC3-49A7-A369-A1E4D17D4E66}.Debug|x86.ActiveCfg = Debug|Any CPU
		{C721383F-3AC3-49A7-A369-A1E4D17D4E66}.Debug|x86.Build.0 = Debug|Any CPU
		{C721383F-3AC3-49A7-A369-A1E4D17D4E66}.Release|Any CPU.ActiveCfg = Release|Any CPU
		{C721383F-3AC3-49A7-A369-A1E4D17D4E66}.Release|Any CPU.Build.0 = Release|Any CPU
		{C721383F-3AC3-49A7-A369-A1E4D17D4E66}.Release|x64.ActiveCfg = Release|Any CPU
		{C721383F-3AC3-49A7-A369-A1E4D17D4E66}.Release|x64.Build.0 = Release|Any CPU
		{C721383F-3AC3-49A7-A369-A1E4D17D4E66}.Release|x86.ActiveCfg = Release|Any CPU
		{C721383F-3AC3-49A7-A369-A1E4D17D4E66}.Release|x86.Build.0 = Release|Any CPU
		{1F444954-9FDC-4927-AC40-928B58A54BC8}.Debug|Any CPU.ActiveCfg = Debug|Any CPU
		{1F444954-9FDC-4927-AC40-928B58A54BC8}.Debug|Any CPU.Build.0 = Debug|Any CPU
		{1F444954-9FDC-4927-AC40-928B58A54BC8}.Debug|x64.ActiveCfg = Debug|Any CPU
		{1F444954-9FDC-4927-AC40-928B58A54BC8}.Debug|x64.Build.0 = Debug|Any CPU
		{1F444954-9FDC-4927-AC40-928B58A54BC8}.Debug|x86.ActiveCfg = Debug|Any CPU
		{1F444954-9FDC-4927-AC40-928B58A54BC8}.Debug|x86.Build.0 = Debug|Any CPU
		{1F444954-9FDC-4927-AC40-928B58A54BC8}.Release|Any CPU.ActiveCfg = Release|Any CPU
		{1F444954-9FDC-4927-AC40-928B58A54BC8}.Release|Any CPU.Build.0 = Release|Any CPU
		{1F444954-9FDC-4927-AC40-928B58A54BC8}.Release|x64.ActiveCfg = Release|Any CPU
		{1F444954-9FDC-4927-AC40-928B58A54BC8}.Release|x64.Build.0 = Release|Any CPU
		{1F444954-9FDC-4927-AC40-928B58A54BC8}.Release|x86.ActiveCfg = Release|Any CPU
		{1F444954-9FDC-4927-AC40-928B58A54BC8}.Release|x86.Build.0 = Release|Any CPU
		{5A5927F7-C360-46D7-BFD1-AC062DDF7650}.Debug|Any CPU.ActiveCfg = Debug|Any CPU
		{5A5927F7-C360-46D7-BFD1-AC062DDF7650}.Debug|Any CPU.Build.0 = Debug|Any CPU
		{5A5927F7-C360-46D7-BFD1-AC062DDF7650}.Debug|x64.ActiveCfg = Debug|Any CPU
		{5A5927F7-C360-46D7-BFD1-AC062DDF7650}.Debug|x64.Build.0 = Debug|Any CPU
		{5A5927F7-C360-46D7-BFD1-AC062DDF7650}.Debug|x86.ActiveCfg = Debug|Any CPU
		{5A5927F7-C360-46D7-BFD1-AC062DDF7650}.Debug|x86.Build.0 = Debug|Any CPU
		{5A5927F7-C360-46D7-BFD1-AC062DDF7650}.Release|Any CPU.ActiveCfg = Release|Any CPU
		{5A5927F7-C360-46D7-BFD1-AC062DDF7650}.Release|Any CPU.Build.0 = Release|Any CPU
		{5A5927F7-C360-46D7-BFD1-AC062DDF7650}.Release|x64.ActiveCfg = Release|Any CPU
		{5A5927F7-C360-46D7-BFD1-AC062DDF7650}.Release|x64.Build.0 = Release|Any CPU
		{5A5927F7-C360-46D7-BFD1-AC062DDF7650}.Release|x86.ActiveCfg = Release|Any CPU
		{5A5927F7-C360-46D7-BFD1-AC062DDF7650}.Release|x86.Build.0 = Release|Any CPU
		{A4C6C277-42E7-4020-9155-4540BC6B9D31}.Debug|Any CPU.ActiveCfg = Debug|Any CPU
		{A4C6C277-42E7-4020-9155-4540BC6B9D31}.Debug|Any CPU.Build.0 = Debug|Any CPU
		{A4C6C277-42E7-4020-9155-4540BC6B9D31}.Debug|x64.ActiveCfg = Debug|Any CPU
		{A4C6C277-42E7-4020-9155-4540BC6B9D31}.Debug|x64.Build.0 = Debug|Any CPU
		{A4C6C277-42E7-4020-9155-4540BC6B9D31}.Debug|x86.ActiveCfg = Debug|Any CPU
		{A4C6C277-42E7-4020-9155-4540BC6B9D31}.Debug|x86.Build.0 = Debug|Any CPU
		{A4C6C277-42E7-4020-9155-4540BC6B9D31}.Release|Any CPU.ActiveCfg = Release|Any CPU
		{A4C6C277-42E7-4020-9155-4540BC6B9D31}.Release|Any CPU.Build.0 = Release|Any CPU
		{A4C6C277-42E7-4020-9155-4540BC6B9D31}.Release|x64.ActiveCfg = Release|Any CPU
		{A4C6C277-42E7-4020-9155-4540BC6B9D31}.Release|x64.Build.0 = Release|Any CPU
		{A4C6C277-42E7-4020-9155-4540BC6B9D31}.Release|x86.ActiveCfg = Release|Any CPU
		{A4C6C277-42E7-4020-9155-4540BC6B9D31}.Release|x86.Build.0 = Release|Any CPU
		{7FEF197C-29AE-426A-8A2E-378A4514DFBA}.Debug|Any CPU.ActiveCfg = Debug|Any CPU
		{7FEF197C-29AE-426A-8A2E-378A4514DFBA}.Debug|Any CPU.Build.0 = Debug|Any CPU
		{7FEF197C-29AE-426A-8A2E-378A4514DFBA}.Debug|x64.ActiveCfg = Debug|Any CPU
		{7FEF197C-29AE-426A-8A2E-378A4514DFBA}.Debug|x64.Build.0 = Debug|Any CPU
		{7FEF197C-29AE-426A-8A2E-378A4514DFBA}.Debug|x86.ActiveCfg = Debug|Any CPU
		{7FEF197C-29AE-426A-8A2E-378A4514DFBA}.Debug|x86.Build.0 = Debug|Any CPU
		{7FEF197C-29AE-426A-8A2E-378A4514DFBA}.Release|Any CPU.ActiveCfg = Release|Any CPU
		{7FEF197C-29AE-426A-8A2E-378A4514DFBA}.Release|Any CPU.Build.0 = Release|Any CPU
		{7FEF197C-29AE-426A-8A2E-378A4514DFBA}.Release|x64.ActiveCfg = Release|Any CPU
		{7FEF197C-29AE-426A-8A2E-378A4514DFBA}.Release|x64.Build.0 = Release|Any CPU
		{7FEF197C-29AE-426A-8A2E-378A4514DFBA}.Release|x86.ActiveCfg = Release|Any CPU
		{7FEF197C-29AE-426A-8A2E-378A4514DFBA}.Release|x86.Build.0 = Release|Any CPU
		{729A3547-57C1-423E-82F1-6D89D46CE84A}.Debug|Any CPU.ActiveCfg = Debug|Any CPU
		{729A3547-57C1-423E-82F1-6D89D46CE84A}.Debug|Any CPU.Build.0 = Debug|Any CPU
		{729A3547-57C1-423E-82F1-6D89D46CE84A}.Debug|x64.ActiveCfg = Debug|Any CPU
		{729A3547-57C1-423E-82F1-6D89D46CE84A}.Debug|x64.Build.0 = Debug|Any CPU
		{729A3547-57C1-423E-82F1-6D89D46CE84A}.Debug|x86.ActiveCfg = Debug|Any CPU
		{729A3547-57C1-423E-82F1-6D89D46CE84A}.Debug|x86.Build.0 = Debug|Any CPU
		{729A3547-57C1-423E-82F1-6D89D46CE84A}.Release|Any CPU.ActiveCfg = Release|Any CPU
		{729A3547-57C1-423E-82F1-6D89D46CE84A}.Release|Any CPU.Build.0 = Release|Any CPU
		{729A3547-57C1-423E-82F1-6D89D46CE84A}.Release|x64.ActiveCfg = Release|Any CPU
		{729A3547-57C1-423E-82F1-6D89D46CE84A}.Release|x64.Build.0 = Release|Any CPU
		{729A3547-57C1-423E-82F1-6D89D46CE84A}.Release|x86.ActiveCfg = Release|Any CPU
		{729A3547-57C1-423E-82F1-6D89D46CE84A}.Release|x86.Build.0 = Release|Any CPU
		{AAF6E781-15D8-4EB2-91DA-7038B5FA2B69}.Debug|Any CPU.ActiveCfg = Debug|Any CPU
		{AAF6E781-15D8-4EB2-91DA-7038B5FA2B69}.Debug|Any CPU.Build.0 = Debug|Any CPU
		{AAF6E781-15D8-4EB2-91DA-7038B5FA2B69}.Debug|x64.ActiveCfg = Debug|Any CPU
		{AAF6E781-15D8-4EB2-91DA-7038B5FA2B69}.Debug|x64.Build.0 = Debug|Any CPU
		{AAF6E781-15D8-4EB2-91DA-7038B5FA2B69}.Debug|x86.ActiveCfg = Debug|Any CPU
		{AAF6E781-15D8-4EB2-91DA-7038B5FA2B69}.Debug|x86.Build.0 = Debug|Any CPU
		{AAF6E781-15D8-4EB2-91DA-7038B5FA2B69}.Release|Any CPU.ActiveCfg = Release|Any CPU
		{AAF6E781-15D8-4EB2-91DA-7038B5FA2B69}.Release|Any CPU.Build.0 = Release|Any CPU
		{AAF6E781-15D8-4EB2-91DA-7038B5FA2B69}.Release|x64.ActiveCfg = Release|Any CPU
		{AAF6E781-15D8-4EB2-91DA-7038B5FA2B69}.Release|x64.Build.0 = Release|Any CPU
		{AAF6E781-15D8-4EB2-91DA-7038B5FA2B69}.Release|x86.ActiveCfg = Release|Any CPU
		{AAF6E781-15D8-4EB2-91DA-7038B5FA2B69}.Release|x86.Build.0 = Release|Any CPU
		{81505EAF-3A30-460F-A034-6CA9A5027BD0}.Debug|Any CPU.ActiveCfg = Debug|Any CPU
		{81505EAF-3A30-460F-A034-6CA9A5027BD0}.Debug|Any CPU.Build.0 = Debug|Any CPU
		{81505EAF-3A30-460F-A034-6CA9A5027BD0}.Debug|x64.ActiveCfg = Debug|Any CPU
		{81505EAF-3A30-460F-A034-6CA9A5027BD0}.Debug|x64.Build.0 = Debug|Any CPU
		{81505EAF-3A30-460F-A034-6CA9A5027BD0}.Debug|x86.ActiveCfg = Debug|Any CPU
		{81505EAF-3A30-460F-A034-6CA9A5027BD0}.Debug|x86.Build.0 = Debug|Any CPU
		{81505EAF-3A30-460F-A034-6CA9A5027BD0}.Release|Any CPU.ActiveCfg = Release|Any CPU
		{81505EAF-3A30-460F-A034-6CA9A5027BD0}.Release|Any CPU.Build.0 = Release|Any CPU
		{81505EAF-3A30-460F-A034-6CA9A5027BD0}.Release|x64.ActiveCfg = Release|Any CPU
		{81505EAF-3A30-460F-A034-6CA9A5027BD0}.Release|x64.Build.0 = Release|Any CPU
		{81505EAF-3A30-460F-A034-6CA9A5027BD0}.Release|x86.ActiveCfg = Release|Any CPU
		{81505EAF-3A30-460F-A034-6CA9A5027BD0}.Release|x86.Build.0 = Release|Any CPU
		{940F4BF5-2476-4E12-BC19-33967DBB243F}.Debug|Any CPU.ActiveCfg = Debug|Any CPU
		{940F4BF5-2476-4E12-BC19-33967DBB243F}.Debug|Any CPU.Build.0 = Debug|Any CPU
		{940F4BF5-2476-4E12-BC19-33967DBB243F}.Debug|x64.ActiveCfg = Debug|Any CPU
		{940F4BF5-2476-4E12-BC19-33967DBB243F}.Debug|x64.Build.0 = Debug|Any CPU
		{940F4BF5-2476-4E12-BC19-33967DBB243F}.Debug|x86.ActiveCfg = Debug|Any CPU
		{940F4BF5-2476-4E12-BC19-33967DBB243F}.Debug|x86.Build.0 = Debug|Any CPU
		{940F4BF5-2476-4E12-BC19-33967DBB243F}.Release|Any CPU.ActiveCfg = Release|Any CPU
		{940F4BF5-2476-4E12-BC19-33967DBB243F}.Release|Any CPU.Build.0 = Release|Any CPU
		{940F4BF5-2476-4E12-BC19-33967DBB243F}.Release|x64.ActiveCfg = Release|Any CPU
		{940F4BF5-2476-4E12-BC19-33967DBB243F}.Release|x64.Build.0 = Release|Any CPU
		{940F4BF5-2476-4E12-BC19-33967DBB243F}.Release|x86.ActiveCfg = Release|Any CPU
		{940F4BF5-2476-4E12-BC19-33967DBB243F}.Release|x86.Build.0 = Release|Any CPU
		{3DDF0159-47AD-4F92-8161-53BF977333EC}.Debug|Any CPU.ActiveCfg = Debug|Any CPU
		{3DDF0159-47AD-4F92-8161-53BF977333EC}.Debug|Any CPU.Build.0 = Debug|Any CPU
		{3DDF0159-47AD-4F92-8161-53BF977333EC}.Debug|x64.ActiveCfg = Debug|Any CPU
		{3DDF0159-47AD-4F92-8161-53BF977333EC}.Debug|x64.Build.0 = Debug|Any CPU
		{3DDF0159-47AD-4F92-8161-53BF977333EC}.Debug|x86.ActiveCfg = Debug|Any CPU
		{3DDF0159-47AD-4F92-8161-53BF977333EC}.Debug|x86.Build.0 = Debug|Any CPU
		{3DDF0159-47AD-4F92-8161-53BF977333EC}.Release|Any CPU.ActiveCfg = Release|Any CPU
		{3DDF0159-47AD-4F92-8161-53BF977333EC}.Release|Any CPU.Build.0 = Release|Any CPU
		{3DDF0159-47AD-4F92-8161-53BF977333EC}.Release|x64.ActiveCfg = Release|Any CPU
		{3DDF0159-47AD-4F92-8161-53BF977333EC}.Release|x64.Build.0 = Release|Any CPU
		{3DDF0159-47AD-4F92-8161-53BF977333EC}.Release|x86.ActiveCfg = Release|Any CPU
		{3DDF0159-47AD-4F92-8161-53BF977333EC}.Release|x86.Build.0 = Release|Any CPU
		{61CE41CF-447E-47C6-8C4E-AE45137E2DE0}.Debug|Any CPU.ActiveCfg = Debug|Any CPU
		{61CE41CF-447E-47C6-8C4E-AE45137E2DE0}.Debug|Any CPU.Build.0 = Debug|Any CPU
		{61CE41CF-447E-47C6-8C4E-AE45137E2DE0}.Debug|x64.ActiveCfg = Debug|Any CPU
		{61CE41CF-447E-47C6-8C4E-AE45137E2DE0}.Debug|x64.Build.0 = Debug|Any CPU
		{61CE41CF-447E-47C6-8C4E-AE45137E2DE0}.Debug|x86.ActiveCfg = Debug|Any CPU
		{61CE41CF-447E-47C6-8C4E-AE45137E2DE0}.Debug|x86.Build.0 = Debug|Any CPU
		{61CE41CF-447E-47C6-8C4E-AE45137E2DE0}.Release|Any CPU.ActiveCfg = Release|Any CPU
		{61CE41CF-447E-47C6-8C4E-AE45137E2DE0}.Release|Any CPU.Build.0 = Release|Any CPU
		{61CE41CF-447E-47C6-8C4E-AE45137E2DE0}.Release|x64.ActiveCfg = Release|Any CPU
		{61CE41CF-447E-47C6-8C4E-AE45137E2DE0}.Release|x64.Build.0 = Release|Any CPU
		{61CE41CF-447E-47C6-8C4E-AE45137E2DE0}.Release|x86.ActiveCfg = Release|Any CPU
		{61CE41CF-447E-47C6-8C4E-AE45137E2DE0}.Release|x86.Build.0 = Release|Any CPU
		{53CC8210-AB0D-4423-A662-1411F6F75303}.Debug|Any CPU.ActiveCfg = Debug|Any CPU
		{53CC8210-AB0D-4423-A662-1411F6F75303}.Debug|Any CPU.Build.0 = Debug|Any CPU
		{53CC8210-AB0D-4423-A662-1411F6F75303}.Debug|x64.ActiveCfg = Debug|Any CPU
		{53CC8210-AB0D-4423-A662-1411F6F75303}.Debug|x64.Build.0 = Debug|Any CPU
		{53CC8210-AB0D-4423-A662-1411F6F75303}.Debug|x86.ActiveCfg = Debug|Any CPU
		{53CC8210-AB0D-4423-A662-1411F6F75303}.Debug|x86.Build.0 = Debug|Any CPU
		{53CC8210-AB0D-4423-A662-1411F6F75303}.Release|Any CPU.ActiveCfg = Release|Any CPU
		{53CC8210-AB0D-4423-A662-1411F6F75303}.Release|Any CPU.Build.0 = Release|Any CPU
		{53CC8210-AB0D-4423-A662-1411F6F75303}.Release|x64.ActiveCfg = Release|Any CPU
		{53CC8210-AB0D-4423-A662-1411F6F75303}.Release|x64.Build.0 = Release|Any CPU
		{53CC8210-AB0D-4423-A662-1411F6F75303}.Release|x86.ActiveCfg = Release|Any CPU
		{53CC8210-AB0D-4423-A662-1411F6F75303}.Release|x86.Build.0 = Release|Any CPU
		{604F66F3-2BEF-4EE4-80EF-AD7FB2EDD8C4}.Debug|Any CPU.ActiveCfg = Debug|Any CPU
		{604F66F3-2BEF-4EE4-80EF-AD7FB2EDD8C4}.Debug|Any CPU.Build.0 = Debug|Any CPU
		{604F66F3-2BEF-4EE4-80EF-AD7FB2EDD8C4}.Debug|x64.ActiveCfg = Debug|Any CPU
		{604F66F3-2BEF-4EE4-80EF-AD7FB2EDD8C4}.Debug|x64.Build.0 = Debug|Any CPU
		{604F66F3-2BEF-4EE4-80EF-AD7FB2EDD8C4}.Debug|x86.ActiveCfg = Debug|Any CPU
		{604F66F3-2BEF-4EE4-80EF-AD7FB2EDD8C4}.Debug|x86.Build.0 = Debug|Any CPU
		{604F66F3-2BEF-4EE4-80EF-AD7FB2EDD8C4}.Release|Any CPU.ActiveCfg = Release|Any CPU
		{604F66F3-2BEF-4EE4-80EF-AD7FB2EDD8C4}.Release|Any CPU.Build.0 = Release|Any CPU
		{604F66F3-2BEF-4EE4-80EF-AD7FB2EDD8C4}.Release|x64.ActiveCfg = Release|Any CPU
		{604F66F3-2BEF-4EE4-80EF-AD7FB2EDD8C4}.Release|x64.Build.0 = Release|Any CPU
		{604F66F3-2BEF-4EE4-80EF-AD7FB2EDD8C4}.Release|x86.ActiveCfg = Release|Any CPU
		{604F66F3-2BEF-4EE4-80EF-AD7FB2EDD8C4}.Release|x86.Build.0 = Release|Any CPU
		{CDA1C075-4A54-4522-8CBF-F7B84D4300B6}.Debug|Any CPU.ActiveCfg = Debug|Any CPU
		{CDA1C075-4A54-4522-8CBF-F7B84D4300B6}.Debug|Any CPU.Build.0 = Debug|Any CPU
		{CDA1C075-4A54-4522-8CBF-F7B84D4300B6}.Debug|x64.ActiveCfg = Debug|Any CPU
		{CDA1C075-4A54-4522-8CBF-F7B84D4300B6}.Debug|x64.Build.0 = Debug|Any CPU
		{CDA1C075-4A54-4522-8CBF-F7B84D4300B6}.Debug|x86.ActiveCfg = Debug|Any CPU
		{CDA1C075-4A54-4522-8CBF-F7B84D4300B6}.Debug|x86.Build.0 = Debug|Any CPU
		{CDA1C075-4A54-4522-8CBF-F7B84D4300B6}.Release|Any CPU.ActiveCfg = Release|Any CPU
		{CDA1C075-4A54-4522-8CBF-F7B84D4300B6}.Release|Any CPU.Build.0 = Release|Any CPU
		{CDA1C075-4A54-4522-8CBF-F7B84D4300B6}.Release|x64.ActiveCfg = Release|Any CPU
		{CDA1C075-4A54-4522-8CBF-F7B84D4300B6}.Release|x64.Build.0 = Release|Any CPU
		{CDA1C075-4A54-4522-8CBF-F7B84D4300B6}.Release|x86.ActiveCfg = Release|Any CPU
		{CDA1C075-4A54-4522-8CBF-F7B84D4300B6}.Release|x86.Build.0 = Release|Any CPU
		{51563A99-A371-4C26-BE64-E74559408A42}.Debug|Any CPU.ActiveCfg = Debug|Any CPU
		{51563A99-A371-4C26-BE64-E74559408A42}.Debug|Any CPU.Build.0 = Debug|Any CPU
		{51563A99-A371-4C26-BE64-E74559408A42}.Debug|x64.ActiveCfg = Debug|Any CPU
		{51563A99-A371-4C26-BE64-E74559408A42}.Debug|x64.Build.0 = Debug|Any CPU
		{51563A99-A371-4C26-BE64-E74559408A42}.Debug|x86.ActiveCfg = Debug|Any CPU
		{51563A99-A371-4C26-BE64-E74559408A42}.Debug|x86.Build.0 = Debug|Any CPU
		{51563A99-A371-4C26-BE64-E74559408A42}.Release|Any CPU.ActiveCfg = Release|Any CPU
		{51563A99-A371-4C26-BE64-E74559408A42}.Release|Any CPU.Build.0 = Release|Any CPU
		{51563A99-A371-4C26-BE64-E74559408A42}.Release|x64.ActiveCfg = Release|Any CPU
		{51563A99-A371-4C26-BE64-E74559408A42}.Release|x64.Build.0 = Release|Any CPU
		{51563A99-A371-4C26-BE64-E74559408A42}.Release|x86.ActiveCfg = Release|Any CPU
		{51563A99-A371-4C26-BE64-E74559408A42}.Release|x86.Build.0 = Release|Any CPU
		{59081574-A126-4AE4-B738-118DC85F342D}.Debug|Any CPU.ActiveCfg = Debug|Any CPU
		{59081574-A126-4AE4-B738-118DC85F342D}.Debug|Any CPU.Build.0 = Debug|Any CPU
		{59081574-A126-4AE4-B738-118DC85F342D}.Debug|x64.ActiveCfg = Debug|Any CPU
		{59081574-A126-4AE4-B738-118DC85F342D}.Debug|x64.Build.0 = Debug|Any CPU
		{59081574-A126-4AE4-B738-118DC85F342D}.Debug|x86.ActiveCfg = Debug|Any CPU
		{59081574-A126-4AE4-B738-118DC85F342D}.Debug|x86.Build.0 = Debug|Any CPU
		{59081574-A126-4AE4-B738-118DC85F342D}.Release|Any CPU.ActiveCfg = Release|Any CPU
		{59081574-A126-4AE4-B738-118DC85F342D}.Release|Any CPU.Build.0 = Release|Any CPU
		{59081574-A126-4AE4-B738-118DC85F342D}.Release|x64.ActiveCfg = Release|Any CPU
		{59081574-A126-4AE4-B738-118DC85F342D}.Release|x64.Build.0 = Release|Any CPU
		{59081574-A126-4AE4-B738-118DC85F342D}.Release|x86.ActiveCfg = Release|Any CPU
		{59081574-A126-4AE4-B738-118DC85F342D}.Release|x86.Build.0 = Release|Any CPU
		{B26C719E-90DA-4168-89AB-DBC4607C268B}.Debug|Any CPU.ActiveCfg = Debug|Any CPU
		{B26C719E-90DA-4168-89AB-DBC4607C268B}.Debug|Any CPU.Build.0 = Debug|Any CPU
		{B26C719E-90DA-4168-89AB-DBC4607C268B}.Debug|x64.ActiveCfg = Debug|Any CPU
		{B26C719E-90DA-4168-89AB-DBC4607C268B}.Debug|x64.Build.0 = Debug|Any CPU
		{B26C719E-90DA-4168-89AB-DBC4607C268B}.Debug|x86.ActiveCfg = Debug|Any CPU
		{B26C719E-90DA-4168-89AB-DBC4607C268B}.Debug|x86.Build.0 = Debug|Any CPU
		{B26C719E-90DA-4168-89AB-DBC4607C268B}.Release|Any CPU.ActiveCfg = Release|Any CPU
		{B26C719E-90DA-4168-89AB-DBC4607C268B}.Release|Any CPU.Build.0 = Release|Any CPU
		{B26C719E-90DA-4168-89AB-DBC4607C268B}.Release|x64.ActiveCfg = Release|Any CPU
		{B26C719E-90DA-4168-89AB-DBC4607C268B}.Release|x64.Build.0 = Release|Any CPU
		{B26C719E-90DA-4168-89AB-DBC4607C268B}.Release|x86.ActiveCfg = Release|Any CPU
		{B26C719E-90DA-4168-89AB-DBC4607C268B}.Release|x86.Build.0 = Release|Any CPU
		{677A4AE8-8CC5-4CB8-B4E4-039CE576CD41}.Debug|Any CPU.ActiveCfg = Debug|Any CPU
		{677A4AE8-8CC5-4CB8-B4E4-039CE576CD41}.Debug|Any CPU.Build.0 = Debug|Any CPU
		{677A4AE8-8CC5-4CB8-B4E4-039CE576CD41}.Debug|x64.ActiveCfg = Debug|Any CPU
		{677A4AE8-8CC5-4CB8-B4E4-039CE576CD41}.Debug|x64.Build.0 = Debug|Any CPU
		{677A4AE8-8CC5-4CB8-B4E4-039CE576CD41}.Debug|x86.ActiveCfg = Debug|Any CPU
		{677A4AE8-8CC5-4CB8-B4E4-039CE576CD41}.Debug|x86.Build.0 = Debug|Any CPU
		{677A4AE8-8CC5-4CB8-B4E4-039CE576CD41}.Release|Any CPU.ActiveCfg = Release|Any CPU
		{677A4AE8-8CC5-4CB8-B4E4-039CE576CD41}.Release|Any CPU.Build.0 = Release|Any CPU
		{677A4AE8-8CC5-4CB8-B4E4-039CE576CD41}.Release|x64.ActiveCfg = Release|Any CPU
		{677A4AE8-8CC5-4CB8-B4E4-039CE576CD41}.Release|x64.Build.0 = Release|Any CPU
		{677A4AE8-8CC5-4CB8-B4E4-039CE576CD41}.Release|x86.ActiveCfg = Release|Any CPU
		{677A4AE8-8CC5-4CB8-B4E4-039CE576CD41}.Release|x86.Build.0 = Release|Any CPU
		{28573AD7-D6C5-4348-BB14-5C7CE26B3101}.Debug|Any CPU.ActiveCfg = Debug|Any CPU
		{28573AD7-D6C5-4348-BB14-5C7CE26B3101}.Debug|Any CPU.Build.0 = Debug|Any CPU
		{28573AD7-D6C5-4348-BB14-5C7CE26B3101}.Debug|x64.ActiveCfg = Debug|Any CPU
		{28573AD7-D6C5-4348-BB14-5C7CE26B3101}.Debug|x64.Build.0 = Debug|Any CPU
		{28573AD7-D6C5-4348-BB14-5C7CE26B3101}.Debug|x86.ActiveCfg = Debug|Any CPU
		{28573AD7-D6C5-4348-BB14-5C7CE26B3101}.Debug|x86.Build.0 = Debug|Any CPU
		{28573AD7-D6C5-4348-BB14-5C7CE26B3101}.Release|Any CPU.ActiveCfg = Release|Any CPU
		{28573AD7-D6C5-4348-BB14-5C7CE26B3101}.Release|Any CPU.Build.0 = Release|Any CPU
		{28573AD7-D6C5-4348-BB14-5C7CE26B3101}.Release|x64.ActiveCfg = Release|Any CPU
		{28573AD7-D6C5-4348-BB14-5C7CE26B3101}.Release|x64.Build.0 = Release|Any CPU
		{28573AD7-D6C5-4348-BB14-5C7CE26B3101}.Release|x86.ActiveCfg = Release|Any CPU
		{28573AD7-D6C5-4348-BB14-5C7CE26B3101}.Release|x86.Build.0 = Release|Any CPU
		{EF920A5F-515B-45EB-9BAD-4FA7C38C8AE5}.Debug|Any CPU.ActiveCfg = Debug|Any CPU
		{EF920A5F-515B-45EB-9BAD-4FA7C38C8AE5}.Debug|Any CPU.Build.0 = Debug|Any CPU
		{EF920A5F-515B-45EB-9BAD-4FA7C38C8AE5}.Debug|x64.ActiveCfg = Debug|Any CPU
		{EF920A5F-515B-45EB-9BAD-4FA7C38C8AE5}.Debug|x64.Build.0 = Debug|Any CPU
		{EF920A5F-515B-45EB-9BAD-4FA7C38C8AE5}.Debug|x86.ActiveCfg = Debug|Any CPU
		{EF920A5F-515B-45EB-9BAD-4FA7C38C8AE5}.Debug|x86.Build.0 = Debug|Any CPU
		{EF920A5F-515B-45EB-9BAD-4FA7C38C8AE5}.Release|Any CPU.ActiveCfg = Release|Any CPU
		{EF920A5F-515B-45EB-9BAD-4FA7C38C8AE5}.Release|Any CPU.Build.0 = Release|Any CPU
		{EF920A5F-515B-45EB-9BAD-4FA7C38C8AE5}.Release|x64.ActiveCfg = Release|Any CPU
		{EF920A5F-515B-45EB-9BAD-4FA7C38C8AE5}.Release|x64.Build.0 = Release|Any CPU
		{EF920A5F-515B-45EB-9BAD-4FA7C38C8AE5}.Release|x86.ActiveCfg = Release|Any CPU
		{EF920A5F-515B-45EB-9BAD-4FA7C38C8AE5}.Release|x86.Build.0 = Release|Any CPU
		{3D8C9E62-D1E3-443F-8501-D27EED9E524D}.Debug|Any CPU.ActiveCfg = Debug|Any CPU
		{3D8C9E62-D1E3-443F-8501-D27EED9E524D}.Debug|Any CPU.Build.0 = Debug|Any CPU
		{3D8C9E62-D1E3-443F-8501-D27EED9E524D}.Debug|x64.ActiveCfg = Debug|Any CPU
		{3D8C9E62-D1E3-443F-8501-D27EED9E524D}.Debug|x64.Build.0 = Debug|Any CPU
		{3D8C9E62-D1E3-443F-8501-D27EED9E524D}.Debug|x86.ActiveCfg = Debug|Any CPU
		{3D8C9E62-D1E3-443F-8501-D27EED9E524D}.Debug|x86.Build.0 = Debug|Any CPU
		{3D8C9E62-D1E3-443F-8501-D27EED9E524D}.Release|Any CPU.ActiveCfg = Release|Any CPU
		{3D8C9E62-D1E3-443F-8501-D27EED9E524D}.Release|Any CPU.Build.0 = Release|Any CPU
		{3D8C9E62-D1E3-443F-8501-D27EED9E524D}.Release|x64.ActiveCfg = Release|Any CPU
		{3D8C9E62-D1E3-443F-8501-D27EED9E524D}.Release|x64.Build.0 = Release|Any CPU
		{3D8C9E62-D1E3-443F-8501-D27EED9E524D}.Release|x86.ActiveCfg = Release|Any CPU
		{3D8C9E62-D1E3-443F-8501-D27EED9E524D}.Release|x86.Build.0 = Release|Any CPU
		{0CBFE806-61B0-439E-9DEC-F99441CE759E}.Debug|Any CPU.ActiveCfg = Debug|Any CPU
		{0CBFE806-61B0-439E-9DEC-F99441CE759E}.Debug|Any CPU.Build.0 = Debug|Any CPU
		{0CBFE806-61B0-439E-9DEC-F99441CE759E}.Debug|x64.ActiveCfg = Debug|Any CPU
		{0CBFE806-61B0-439E-9DEC-F99441CE759E}.Debug|x64.Build.0 = Debug|Any CPU
		{0CBFE806-61B0-439E-9DEC-F99441CE759E}.Debug|x86.ActiveCfg = Debug|Any CPU
		{0CBFE806-61B0-439E-9DEC-F99441CE759E}.Debug|x86.Build.0 = Debug|Any CPU
		{0CBFE806-61B0-439E-9DEC-F99441CE759E}.Release|Any CPU.ActiveCfg = Release|Any CPU
		{0CBFE806-61B0-439E-9DEC-F99441CE759E}.Release|Any CPU.Build.0 = Release|Any CPU
		{0CBFE806-61B0-439E-9DEC-F99441CE759E}.Release|x64.ActiveCfg = Release|Any CPU
		{0CBFE806-61B0-439E-9DEC-F99441CE759E}.Release|x64.Build.0 = Release|Any CPU
		{0CBFE806-61B0-439E-9DEC-F99441CE759E}.Release|x86.ActiveCfg = Release|Any CPU
		{0CBFE806-61B0-439E-9DEC-F99441CE759E}.Release|x86.Build.0 = Release|Any CPU
		{0EDF1703-1FF2-4C23-99A1-AB6E2728AC43}.Debug|Any CPU.ActiveCfg = Debug|Any CPU
		{0EDF1703-1FF2-4C23-99A1-AB6E2728AC43}.Debug|Any CPU.Build.0 = Debug|Any CPU
		{0EDF1703-1FF2-4C23-99A1-AB6E2728AC43}.Debug|x64.ActiveCfg = Debug|Any CPU
		{0EDF1703-1FF2-4C23-99A1-AB6E2728AC43}.Debug|x64.Build.0 = Debug|Any CPU
		{0EDF1703-1FF2-4C23-99A1-AB6E2728AC43}.Debug|x86.ActiveCfg = Debug|Any CPU
		{0EDF1703-1FF2-4C23-99A1-AB6E2728AC43}.Debug|x86.Build.0 = Debug|Any CPU
		{0EDF1703-1FF2-4C23-99A1-AB6E2728AC43}.Release|Any CPU.ActiveCfg = Release|Any CPU
		{0EDF1703-1FF2-4C23-99A1-AB6E2728AC43}.Release|Any CPU.Build.0 = Release|Any CPU
		{0EDF1703-1FF2-4C23-99A1-AB6E2728AC43}.Release|x64.ActiveCfg = Release|Any CPU
		{0EDF1703-1FF2-4C23-99A1-AB6E2728AC43}.Release|x64.Build.0 = Release|Any CPU
		{0EDF1703-1FF2-4C23-99A1-AB6E2728AC43}.Release|x86.ActiveCfg = Release|Any CPU
		{0EDF1703-1FF2-4C23-99A1-AB6E2728AC43}.Release|x86.Build.0 = Release|Any CPU
		{F8F5CAEF-B8E7-4095-B545-F7E1AFC320CF}.Debug|Any CPU.ActiveCfg = Debug|Any CPU
		{F8F5CAEF-B8E7-4095-B545-F7E1AFC320CF}.Debug|Any CPU.Build.0 = Debug|Any CPU
		{F8F5CAEF-B8E7-4095-B545-F7E1AFC320CF}.Debug|x64.ActiveCfg = Debug|Any CPU
		{F8F5CAEF-B8E7-4095-B545-F7E1AFC320CF}.Debug|x64.Build.0 = Debug|Any CPU
		{F8F5CAEF-B8E7-4095-B545-F7E1AFC320CF}.Debug|x86.ActiveCfg = Debug|Any CPU
		{F8F5CAEF-B8E7-4095-B545-F7E1AFC320CF}.Debug|x86.Build.0 = Debug|Any CPU
		{F8F5CAEF-B8E7-4095-B545-F7E1AFC320CF}.Release|Any CPU.ActiveCfg = Release|Any CPU
		{F8F5CAEF-B8E7-4095-B545-F7E1AFC320CF}.Release|Any CPU.Build.0 = Release|Any CPU
		{F8F5CAEF-B8E7-4095-B545-F7E1AFC320CF}.Release|x64.ActiveCfg = Release|Any CPU
		{F8F5CAEF-B8E7-4095-B545-F7E1AFC320CF}.Release|x64.Build.0 = Release|Any CPU
		{F8F5CAEF-B8E7-4095-B545-F7E1AFC320CF}.Release|x86.ActiveCfg = Release|Any CPU
		{F8F5CAEF-B8E7-4095-B545-F7E1AFC320CF}.Release|x86.Build.0 = Release|Any CPU
		{9E507802-0BF9-4053-8D48-C1BACF8E2FA0}.Debug|Any CPU.ActiveCfg = Debug|Any CPU
		{9E507802-0BF9-4053-8D48-C1BACF8E2FA0}.Debug|Any CPU.Build.0 = Debug|Any CPU
		{9E507802-0BF9-4053-8D48-C1BACF8E2FA0}.Debug|x64.ActiveCfg = Debug|Any CPU
		{9E507802-0BF9-4053-8D48-C1BACF8E2FA0}.Debug|x64.Build.0 = Debug|Any CPU
		{9E507802-0BF9-4053-8D48-C1BACF8E2FA0}.Debug|x86.ActiveCfg = Debug|Any CPU
		{9E507802-0BF9-4053-8D48-C1BACF8E2FA0}.Debug|x86.Build.0 = Debug|Any CPU
		{9E507802-0BF9-4053-8D48-C1BACF8E2FA0}.Release|Any CPU.ActiveCfg = Release|Any CPU
		{9E507802-0BF9-4053-8D48-C1BACF8E2FA0}.Release|Any CPU.Build.0 = Release|Any CPU
		{9E507802-0BF9-4053-8D48-C1BACF8E2FA0}.Release|x64.ActiveCfg = Release|Any CPU
		{9E507802-0BF9-4053-8D48-C1BACF8E2FA0}.Release|x64.Build.0 = Release|Any CPU
		{9E507802-0BF9-4053-8D48-C1BACF8E2FA0}.Release|x86.ActiveCfg = Release|Any CPU
		{9E507802-0BF9-4053-8D48-C1BACF8E2FA0}.Release|x86.Build.0 = Release|Any CPU
		{62A929B7-CFB8-4E14-8FF8-E702A8195C5B}.Debug|Any CPU.ActiveCfg = Debug|Any CPU
		{62A929B7-CFB8-4E14-8FF8-E702A8195C5B}.Debug|Any CPU.Build.0 = Debug|Any CPU
		{62A929B7-CFB8-4E14-8FF8-E702A8195C5B}.Debug|x64.ActiveCfg = Debug|Any CPU
		{62A929B7-CFB8-4E14-8FF8-E702A8195C5B}.Debug|x64.Build.0 = Debug|Any CPU
		{62A929B7-CFB8-4E14-8FF8-E702A8195C5B}.Debug|x86.ActiveCfg = Debug|Any CPU
		{62A929B7-CFB8-4E14-8FF8-E702A8195C5B}.Debug|x86.Build.0 = Debug|Any CPU
		{62A929B7-CFB8-4E14-8FF8-E702A8195C5B}.Release|Any CPU.ActiveCfg = Release|Any CPU
		{62A929B7-CFB8-4E14-8FF8-E702A8195C5B}.Release|Any CPU.Build.0 = Release|Any CPU
		{62A929B7-CFB8-4E14-8FF8-E702A8195C5B}.Release|x64.ActiveCfg = Release|Any CPU
		{62A929B7-CFB8-4E14-8FF8-E702A8195C5B}.Release|x64.Build.0 = Release|Any CPU
		{62A929B7-CFB8-4E14-8FF8-E702A8195C5B}.Release|x86.ActiveCfg = Release|Any CPU
		{62A929B7-CFB8-4E14-8FF8-E702A8195C5B}.Release|x86.Build.0 = Release|Any CPU
		{09F03C05-F2B6-4B1E-BECB-911A55F4A109}.Debug|Any CPU.ActiveCfg = Debug|Any CPU
		{09F03C05-F2B6-4B1E-BECB-911A55F4A109}.Debug|Any CPU.Build.0 = Debug|Any CPU
		{09F03C05-F2B6-4B1E-BECB-911A55F4A109}.Debug|x64.ActiveCfg = Debug|Any CPU
		{09F03C05-F2B6-4B1E-BECB-911A55F4A109}.Debug|x64.Build.0 = Debug|Any CPU
		{09F03C05-F2B6-4B1E-BECB-911A55F4A109}.Debug|x86.ActiveCfg = Debug|Any CPU
		{09F03C05-F2B6-4B1E-BECB-911A55F4A109}.Debug|x86.Build.0 = Debug|Any CPU
		{09F03C05-F2B6-4B1E-BECB-911A55F4A109}.Release|Any CPU.ActiveCfg = Release|Any CPU
		{09F03C05-F2B6-4B1E-BECB-911A55F4A109}.Release|Any CPU.Build.0 = Release|Any CPU
		{09F03C05-F2B6-4B1E-BECB-911A55F4A109}.Release|x64.ActiveCfg = Release|Any CPU
		{09F03C05-F2B6-4B1E-BECB-911A55F4A109}.Release|x64.Build.0 = Release|Any CPU
		{09F03C05-F2B6-4B1E-BECB-911A55F4A109}.Release|x86.ActiveCfg = Release|Any CPU
		{09F03C05-F2B6-4B1E-BECB-911A55F4A109}.Release|x86.Build.0 = Release|Any CPU
		{77680541-2776-4B90-825E-5975B182BF02}.Debug|Any CPU.ActiveCfg = Debug|Any CPU
		{77680541-2776-4B90-825E-5975B182BF02}.Debug|Any CPU.Build.0 = Debug|Any CPU
		{77680541-2776-4B90-825E-5975B182BF02}.Debug|x64.ActiveCfg = Debug|Any CPU
		{77680541-2776-4B90-825E-5975B182BF02}.Debug|x64.Build.0 = Debug|Any CPU
		{77680541-2776-4B90-825E-5975B182BF02}.Debug|x86.ActiveCfg = Debug|Any CPU
		{77680541-2776-4B90-825E-5975B182BF02}.Debug|x86.Build.0 = Debug|Any CPU
		{77680541-2776-4B90-825E-5975B182BF02}.Release|Any CPU.ActiveCfg = Release|Any CPU
		{77680541-2776-4B90-825E-5975B182BF02}.Release|Any CPU.Build.0 = Release|Any CPU
		{77680541-2776-4B90-825E-5975B182BF02}.Release|x64.ActiveCfg = Release|Any CPU
		{77680541-2776-4B90-825E-5975B182BF02}.Release|x64.Build.0 = Release|Any CPU
		{77680541-2776-4B90-825E-5975B182BF02}.Release|x86.ActiveCfg = Release|Any CPU
		{77680541-2776-4B90-825E-5975B182BF02}.Release|x86.Build.0 = Release|Any CPU
		{CDD4C65E-13F7-4AF7-BA59-493CF62BC086}.Debug|Any CPU.ActiveCfg = Debug|Any CPU
		{CDD4C65E-13F7-4AF7-BA59-493CF62BC086}.Debug|Any CPU.Build.0 = Debug|Any CPU
		{CDD4C65E-13F7-4AF7-BA59-493CF62BC086}.Debug|x64.ActiveCfg = Debug|Any CPU
		{CDD4C65E-13F7-4AF7-BA59-493CF62BC086}.Debug|x64.Build.0 = Debug|Any CPU
		{CDD4C65E-13F7-4AF7-BA59-493CF62BC086}.Debug|x86.ActiveCfg = Debug|Any CPU
		{CDD4C65E-13F7-4AF7-BA59-493CF62BC086}.Debug|x86.Build.0 = Debug|Any CPU
		{CDD4C65E-13F7-4AF7-BA59-493CF62BC086}.Release|Any CPU.ActiveCfg = Release|Any CPU
		{CDD4C65E-13F7-4AF7-BA59-493CF62BC086}.Release|Any CPU.Build.0 = Release|Any CPU
		{CDD4C65E-13F7-4AF7-BA59-493CF62BC086}.Release|x64.ActiveCfg = Release|Any CPU
		{CDD4C65E-13F7-4AF7-BA59-493CF62BC086}.Release|x64.Build.0 = Release|Any CPU
		{CDD4C65E-13F7-4AF7-BA59-493CF62BC086}.Release|x86.ActiveCfg = Release|Any CPU
		{CDD4C65E-13F7-4AF7-BA59-493CF62BC086}.Release|x86.Build.0 = Release|Any CPU
		{88E5A3E8-CC3D-47A3-BD2D-C2A1FD2260D6}.Debug|Any CPU.ActiveCfg = Debug|Any CPU
		{88E5A3E8-CC3D-47A3-BD2D-C2A1FD2260D6}.Debug|Any CPU.Build.0 = Debug|Any CPU
		{88E5A3E8-CC3D-47A3-BD2D-C2A1FD2260D6}.Debug|x64.ActiveCfg = Debug|Any CPU
		{88E5A3E8-CC3D-47A3-BD2D-C2A1FD2260D6}.Debug|x64.Build.0 = Debug|Any CPU
		{88E5A3E8-CC3D-47A3-BD2D-C2A1FD2260D6}.Debug|x86.ActiveCfg = Debug|Any CPU
		{88E5A3E8-CC3D-47A3-BD2D-C2A1FD2260D6}.Debug|x86.Build.0 = Debug|Any CPU
		{88E5A3E8-CC3D-47A3-BD2D-C2A1FD2260D6}.Release|Any CPU.ActiveCfg = Release|Any CPU
		{88E5A3E8-CC3D-47A3-BD2D-C2A1FD2260D6}.Release|Any CPU.Build.0 = Release|Any CPU
		{88E5A3E8-CC3D-47A3-BD2D-C2A1FD2260D6}.Release|x64.ActiveCfg = Release|Any CPU
		{88E5A3E8-CC3D-47A3-BD2D-C2A1FD2260D6}.Release|x64.Build.0 = Release|Any CPU
		{88E5A3E8-CC3D-47A3-BD2D-C2A1FD2260D6}.Release|x86.ActiveCfg = Release|Any CPU
		{88E5A3E8-CC3D-47A3-BD2D-C2A1FD2260D6}.Release|x86.Build.0 = Release|Any CPU
		{C743A3B7-B186-4B85-BD22-A46915F043C0}.Debug|Any CPU.ActiveCfg = Debug|Any CPU
		{C743A3B7-B186-4B85-BD22-A46915F043C0}.Debug|Any CPU.Build.0 = Debug|Any CPU
		{C743A3B7-B186-4B85-BD22-A46915F043C0}.Debug|x64.ActiveCfg = Debug|Any CPU
		{C743A3B7-B186-4B85-BD22-A46915F043C0}.Debug|x64.Build.0 = Debug|Any CPU
		{C743A3B7-B186-4B85-BD22-A46915F043C0}.Debug|x86.ActiveCfg = Debug|Any CPU
		{C743A3B7-B186-4B85-BD22-A46915F043C0}.Debug|x86.Build.0 = Debug|Any CPU
		{C743A3B7-B186-4B85-BD22-A46915F043C0}.Release|Any CPU.ActiveCfg = Release|Any CPU
		{C743A3B7-B186-4B85-BD22-A46915F043C0}.Release|Any CPU.Build.0 = Release|Any CPU
		{C743A3B7-B186-4B85-BD22-A46915F043C0}.Release|x64.ActiveCfg = Release|Any CPU
		{C743A3B7-B186-4B85-BD22-A46915F043C0}.Release|x64.Build.0 = Release|Any CPU
		{C743A3B7-B186-4B85-BD22-A46915F043C0}.Release|x86.ActiveCfg = Release|Any CPU
		{C743A3B7-B186-4B85-BD22-A46915F043C0}.Release|x86.Build.0 = Release|Any CPU
		{0AF533B3-B7D2-4B8A-8950-1BE49897A4BB}.Debug|Any CPU.ActiveCfg = Debug|Any CPU
		{0AF533B3-B7D2-4B8A-8950-1BE49897A4BB}.Debug|Any CPU.Build.0 = Debug|Any CPU
		{0AF533B3-B7D2-4B8A-8950-1BE49897A4BB}.Debug|x64.ActiveCfg = Debug|Any CPU
		{0AF533B3-B7D2-4B8A-8950-1BE49897A4BB}.Debug|x64.Build.0 = Debug|Any CPU
		{0AF533B3-B7D2-4B8A-8950-1BE49897A4BB}.Debug|x86.ActiveCfg = Debug|Any CPU
		{0AF533B3-B7D2-4B8A-8950-1BE49897A4BB}.Debug|x86.Build.0 = Debug|Any CPU
		{0AF533B3-B7D2-4B8A-8950-1BE49897A4BB}.Release|Any CPU.ActiveCfg = Release|Any CPU
		{0AF533B3-B7D2-4B8A-8950-1BE49897A4BB}.Release|Any CPU.Build.0 = Release|Any CPU
		{0AF533B3-B7D2-4B8A-8950-1BE49897A4BB}.Release|x64.ActiveCfg = Release|Any CPU
		{0AF533B3-B7D2-4B8A-8950-1BE49897A4BB}.Release|x64.Build.0 = Release|Any CPU
		{0AF533B3-B7D2-4B8A-8950-1BE49897A4BB}.Release|x86.ActiveCfg = Release|Any CPU
		{0AF533B3-B7D2-4B8A-8950-1BE49897A4BB}.Release|x86.Build.0 = Release|Any CPU
		{1C17E930-C26C-49A1-83D3-C00FF33E33A1}.Debug|Any CPU.ActiveCfg = Debug|Any CPU
		{1C17E930-C26C-49A1-83D3-C00FF33E33A1}.Debug|Any CPU.Build.0 = Debug|Any CPU
		{1C17E930-C26C-49A1-83D3-C00FF33E33A1}.Debug|x64.ActiveCfg = Debug|Any CPU
		{1C17E930-C26C-49A1-83D3-C00FF33E33A1}.Debug|x64.Build.0 = Debug|Any CPU
		{1C17E930-C26C-49A1-83D3-C00FF33E33A1}.Debug|x86.ActiveCfg = Debug|Any CPU
		{1C17E930-C26C-49A1-83D3-C00FF33E33A1}.Debug|x86.Build.0 = Debug|Any CPU
		{1C17E930-C26C-49A1-83D3-C00FF33E33A1}.Release|Any CPU.ActiveCfg = Release|Any CPU
		{1C17E930-C26C-49A1-83D3-C00FF33E33A1}.Release|Any CPU.Build.0 = Release|Any CPU
		{1C17E930-C26C-49A1-83D3-C00FF33E33A1}.Release|x64.ActiveCfg = Release|Any CPU
		{1C17E930-C26C-49A1-83D3-C00FF33E33A1}.Release|x64.Build.0 = Release|Any CPU
		{1C17E930-C26C-49A1-83D3-C00FF33E33A1}.Release|x86.ActiveCfg = Release|Any CPU
		{1C17E930-C26C-49A1-83D3-C00FF33E33A1}.Release|x86.Build.0 = Release|Any CPU
		{A199BA0D-321B-4A02-8E02-9A19CE46E913}.Debug|Any CPU.ActiveCfg = Debug|Any CPU
		{A199BA0D-321B-4A02-8E02-9A19CE46E913}.Debug|Any CPU.Build.0 = Debug|Any CPU
		{A199BA0D-321B-4A02-8E02-9A19CE46E913}.Debug|x64.ActiveCfg = Debug|Any CPU
		{A199BA0D-321B-4A02-8E02-9A19CE46E913}.Debug|x64.Build.0 = Debug|Any CPU
		{A199BA0D-321B-4A02-8E02-9A19CE46E913}.Debug|x86.ActiveCfg = Debug|Any CPU
		{A199BA0D-321B-4A02-8E02-9A19CE46E913}.Debug|x86.Build.0 = Debug|Any CPU
		{A199BA0D-321B-4A02-8E02-9A19CE46E913}.Release|Any CPU.ActiveCfg = Release|Any CPU
		{A199BA0D-321B-4A02-8E02-9A19CE46E913}.Release|Any CPU.Build.0 = Release|Any CPU
		{A199BA0D-321B-4A02-8E02-9A19CE46E913}.Release|x64.ActiveCfg = Release|Any CPU
		{A199BA0D-321B-4A02-8E02-9A19CE46E913}.Release|x64.Build.0 = Release|Any CPU
		{A199BA0D-321B-4A02-8E02-9A19CE46E913}.Release|x86.ActiveCfg = Release|Any CPU
		{A199BA0D-321B-4A02-8E02-9A19CE46E913}.Release|x86.Build.0 = Release|Any CPU
		{07140E9C-3F3B-4A4A-8D46-1FC013BBE470}.Debug|Any CPU.ActiveCfg = Debug|Any CPU
		{07140E9C-3F3B-4A4A-8D46-1FC013BBE470}.Debug|Any CPU.Build.0 = Debug|Any CPU
		{07140E9C-3F3B-4A4A-8D46-1FC013BBE470}.Debug|x64.ActiveCfg = Debug|Any CPU
		{07140E9C-3F3B-4A4A-8D46-1FC013BBE470}.Debug|x64.Build.0 = Debug|Any CPU
		{07140E9C-3F3B-4A4A-8D46-1FC013BBE470}.Debug|x86.ActiveCfg = Debug|Any CPU
		{07140E9C-3F3B-4A4A-8D46-1FC013BBE470}.Debug|x86.Build.0 = Debug|Any CPU
		{07140E9C-3F3B-4A4A-8D46-1FC013BBE470}.Release|Any CPU.ActiveCfg = Release|Any CPU
		{07140E9C-3F3B-4A4A-8D46-1FC013BBE470}.Release|Any CPU.Build.0 = Release|Any CPU
		{07140E9C-3F3B-4A4A-8D46-1FC013BBE470}.Release|x64.ActiveCfg = Release|Any CPU
		{07140E9C-3F3B-4A4A-8D46-1FC013BBE470}.Release|x64.Build.0 = Release|Any CPU
		{07140E9C-3F3B-4A4A-8D46-1FC013BBE470}.Release|x86.ActiveCfg = Release|Any CPU
		{07140E9C-3F3B-4A4A-8D46-1FC013BBE470}.Release|x86.Build.0 = Release|Any CPU
		{FD6A5E32-C930-4DBC-89D9-87CFED2616EA}.Debug|Any CPU.ActiveCfg = Debug|Any CPU
		{FD6A5E32-C930-4DBC-89D9-87CFED2616EA}.Debug|Any CPU.Build.0 = Debug|Any CPU
		{FD6A5E32-C930-4DBC-89D9-87CFED2616EA}.Debug|x64.ActiveCfg = Debug|Any CPU
		{FD6A5E32-C930-4DBC-89D9-87CFED2616EA}.Debug|x64.Build.0 = Debug|Any CPU
		{FD6A5E32-C930-4DBC-89D9-87CFED2616EA}.Debug|x86.ActiveCfg = Debug|Any CPU
		{FD6A5E32-C930-4DBC-89D9-87CFED2616EA}.Debug|x86.Build.0 = Debug|Any CPU
		{FD6A5E32-C930-4DBC-89D9-87CFED2616EA}.Release|Any CPU.ActiveCfg = Release|Any CPU
		{FD6A5E32-C930-4DBC-89D9-87CFED2616EA}.Release|Any CPU.Build.0 = Release|Any CPU
		{FD6A5E32-C930-4DBC-89D9-87CFED2616EA}.Release|x64.ActiveCfg = Release|Any CPU
		{FD6A5E32-C930-4DBC-89D9-87CFED2616EA}.Release|x64.Build.0 = Release|Any CPU
		{FD6A5E32-C930-4DBC-89D9-87CFED2616EA}.Release|x86.ActiveCfg = Release|Any CPU
		{FD6A5E32-C930-4DBC-89D9-87CFED2616EA}.Release|x86.Build.0 = Release|Any CPU
		{1485A329-CAAA-4EAC-A65C-ADE047324DD2}.Debug|Any CPU.ActiveCfg = Debug|Any CPU
		{1485A329-CAAA-4EAC-A65C-ADE047324DD2}.Debug|Any CPU.Build.0 = Debug|Any CPU
		{1485A329-CAAA-4EAC-A65C-ADE047324DD2}.Debug|x64.ActiveCfg = Debug|Any CPU
		{1485A329-CAAA-4EAC-A65C-ADE047324DD2}.Debug|x64.Build.0 = Debug|Any CPU
		{1485A329-CAAA-4EAC-A65C-ADE047324DD2}.Debug|x86.ActiveCfg = Debug|Any CPU
		{1485A329-CAAA-4EAC-A65C-ADE047324DD2}.Debug|x86.Build.0 = Debug|Any CPU
		{1485A329-CAAA-4EAC-A65C-ADE047324DD2}.Release|Any CPU.ActiveCfg = Release|Any CPU
		{1485A329-CAAA-4EAC-A65C-ADE047324DD2}.Release|Any CPU.Build.0 = Release|Any CPU
		{1485A329-CAAA-4EAC-A65C-ADE047324DD2}.Release|x64.ActiveCfg = Release|Any CPU
		{1485A329-CAAA-4EAC-A65C-ADE047324DD2}.Release|x64.Build.0 = Release|Any CPU
		{1485A329-CAAA-4EAC-A65C-ADE047324DD2}.Release|x86.ActiveCfg = Release|Any CPU
		{1485A329-CAAA-4EAC-A65C-ADE047324DD2}.Release|x86.Build.0 = Release|Any CPU
		{E915783D-E50F-4552-8D2C-A800505A1688}.Debug|Any CPU.ActiveCfg = Debug|Any CPU
		{E915783D-E50F-4552-8D2C-A800505A1688}.Debug|Any CPU.Build.0 = Debug|Any CPU
		{E915783D-E50F-4552-8D2C-A800505A1688}.Debug|x64.ActiveCfg = Debug|Any CPU
		{E915783D-E50F-4552-8D2C-A800505A1688}.Debug|x64.Build.0 = Debug|Any CPU
		{E915783D-E50F-4552-8D2C-A800505A1688}.Debug|x86.ActiveCfg = Debug|Any CPU
		{E915783D-E50F-4552-8D2C-A800505A1688}.Debug|x86.Build.0 = Debug|Any CPU
		{E915783D-E50F-4552-8D2C-A800505A1688}.Release|Any CPU.ActiveCfg = Release|Any CPU
		{E915783D-E50F-4552-8D2C-A800505A1688}.Release|Any CPU.Build.0 = Release|Any CPU
		{E915783D-E50F-4552-8D2C-A800505A1688}.Release|x64.ActiveCfg = Release|Any CPU
		{E915783D-E50F-4552-8D2C-A800505A1688}.Release|x64.Build.0 = Release|Any CPU
		{E915783D-E50F-4552-8D2C-A800505A1688}.Release|x86.ActiveCfg = Release|Any CPU
		{E915783D-E50F-4552-8D2C-A800505A1688}.Release|x86.Build.0 = Release|Any CPU
		{D43D39DC-DAA7-4F8C-86EA-60B7D0B2483B}.Debug|Any CPU.ActiveCfg = Debug|Any CPU
		{D43D39DC-DAA7-4F8C-86EA-60B7D0B2483B}.Debug|Any CPU.Build.0 = Debug|Any CPU
		{D43D39DC-DAA7-4F8C-86EA-60B7D0B2483B}.Debug|x64.ActiveCfg = Debug|Any CPU
		{D43D39DC-DAA7-4F8C-86EA-60B7D0B2483B}.Debug|x64.Build.0 = Debug|Any CPU
		{D43D39DC-DAA7-4F8C-86EA-60B7D0B2483B}.Debug|x86.ActiveCfg = Debug|Any CPU
		{D43D39DC-DAA7-4F8C-86EA-60B7D0B2483B}.Debug|x86.Build.0 = Debug|Any CPU
		{D43D39DC-DAA7-4F8C-86EA-60B7D0B2483B}.Release|Any CPU.ActiveCfg = Release|Any CPU
		{D43D39DC-DAA7-4F8C-86EA-60B7D0B2483B}.Release|Any CPU.Build.0 = Release|Any CPU
		{D43D39DC-DAA7-4F8C-86EA-60B7D0B2483B}.Release|x64.ActiveCfg = Release|Any CPU
		{D43D39DC-DAA7-4F8C-86EA-60B7D0B2483B}.Release|x64.Build.0 = Release|Any CPU
		{D43D39DC-DAA7-4F8C-86EA-60B7D0B2483B}.Release|x86.ActiveCfg = Release|Any CPU
		{D43D39DC-DAA7-4F8C-86EA-60B7D0B2483B}.Release|x86.Build.0 = Release|Any CPU
		{1C11C9D7-B4C2-488E-A2EB-9D4D4063519A}.Debug|Any CPU.ActiveCfg = Debug|Any CPU
		{1C11C9D7-B4C2-488E-A2EB-9D4D4063519A}.Debug|Any CPU.Build.0 = Debug|Any CPU
		{1C11C9D7-B4C2-488E-A2EB-9D4D4063519A}.Debug|x64.ActiveCfg = Debug|Any CPU
		{1C11C9D7-B4C2-488E-A2EB-9D4D4063519A}.Debug|x64.Build.0 = Debug|Any CPU
		{1C11C9D7-B4C2-488E-A2EB-9D4D4063519A}.Debug|x86.ActiveCfg = Debug|Any CPU
		{1C11C9D7-B4C2-488E-A2EB-9D4D4063519A}.Debug|x86.Build.0 = Debug|Any CPU
		{1C11C9D7-B4C2-488E-A2EB-9D4D4063519A}.Release|Any CPU.ActiveCfg = Release|Any CPU
		{1C11C9D7-B4C2-488E-A2EB-9D4D4063519A}.Release|Any CPU.Build.0 = Release|Any CPU
		{1C11C9D7-B4C2-488E-A2EB-9D4D4063519A}.Release|x64.ActiveCfg = Release|Any CPU
		{1C11C9D7-B4C2-488E-A2EB-9D4D4063519A}.Release|x64.Build.0 = Release|Any CPU
		{1C11C9D7-B4C2-488E-A2EB-9D4D4063519A}.Release|x86.ActiveCfg = Release|Any CPU
		{1C11C9D7-B4C2-488E-A2EB-9D4D4063519A}.Release|x86.Build.0 = Release|Any CPU
		{25AA7EEE-38F2-4BD7-B0EE-C07400EB7E15}.Debug|Any CPU.ActiveCfg = Debug|Any CPU
		{25AA7EEE-38F2-4BD7-B0EE-C07400EB7E15}.Debug|Any CPU.Build.0 = Debug|Any CPU
		{25AA7EEE-38F2-4BD7-B0EE-C07400EB7E15}.Debug|x64.ActiveCfg = Debug|Any CPU
		{25AA7EEE-38F2-4BD7-B0EE-C07400EB7E15}.Debug|x64.Build.0 = Debug|Any CPU
		{25AA7EEE-38F2-4BD7-B0EE-C07400EB7E15}.Debug|x86.ActiveCfg = Debug|Any CPU
		{25AA7EEE-38F2-4BD7-B0EE-C07400EB7E15}.Debug|x86.Build.0 = Debug|Any CPU
		{25AA7EEE-38F2-4BD7-B0EE-C07400EB7E15}.Release|Any CPU.ActiveCfg = Release|Any CPU
		{25AA7EEE-38F2-4BD7-B0EE-C07400EB7E15}.Release|Any CPU.Build.0 = Release|Any CPU
		{25AA7EEE-38F2-4BD7-B0EE-C07400EB7E15}.Release|x64.ActiveCfg = Release|Any CPU
		{25AA7EEE-38F2-4BD7-B0EE-C07400EB7E15}.Release|x64.Build.0 = Release|Any CPU
		{25AA7EEE-38F2-4BD7-B0EE-C07400EB7E15}.Release|x86.ActiveCfg = Release|Any CPU
		{25AA7EEE-38F2-4BD7-B0EE-C07400EB7E15}.Release|x86.Build.0 = Release|Any CPU
		{DD34BE03-5B69-412F-96A8-07D8C3226289}.Debug|Any CPU.ActiveCfg = Debug|Any CPU
		{DD34BE03-5B69-412F-96A8-07D8C3226289}.Debug|Any CPU.Build.0 = Debug|Any CPU
		{DD34BE03-5B69-412F-96A8-07D8C3226289}.Debug|x64.ActiveCfg = Debug|Any CPU
		{DD34BE03-5B69-412F-96A8-07D8C3226289}.Debug|x64.Build.0 = Debug|Any CPU
		{DD34BE03-5B69-412F-96A8-07D8C3226289}.Debug|x86.ActiveCfg = Debug|Any CPU
		{DD34BE03-5B69-412F-96A8-07D8C3226289}.Debug|x86.Build.0 = Debug|Any CPU
		{DD34BE03-5B69-412F-96A8-07D8C3226289}.Release|Any CPU.ActiveCfg = Release|Any CPU
		{DD34BE03-5B69-412F-96A8-07D8C3226289}.Release|Any CPU.Build.0 = Release|Any CPU
		{DD34BE03-5B69-412F-96A8-07D8C3226289}.Release|x64.ActiveCfg = Release|Any CPU
		{DD34BE03-5B69-412F-96A8-07D8C3226289}.Release|x64.Build.0 = Release|Any CPU
		{DD34BE03-5B69-412F-96A8-07D8C3226289}.Release|x86.ActiveCfg = Release|Any CPU
		{DD34BE03-5B69-412F-96A8-07D8C3226289}.Release|x86.Build.0 = Release|Any CPU
		{BAE13D44-9994-05CD-A5CF-32F23C2233F6}.Debug|Any CPU.ActiveCfg = Debug|Any CPU
		{BAE13D44-9994-05CD-A5CF-32F23C2233F6}.Debug|Any CPU.Build.0 = Debug|Any CPU
		{BAE13D44-9994-05CD-A5CF-32F23C2233F6}.Debug|x64.ActiveCfg = Debug|Any CPU
		{BAE13D44-9994-05CD-A5CF-32F23C2233F6}.Debug|x64.Build.0 = Debug|Any CPU
		{BAE13D44-9994-05CD-A5CF-32F23C2233F6}.Debug|x86.ActiveCfg = Debug|Any CPU
		{BAE13D44-9994-05CD-A5CF-32F23C2233F6}.Debug|x86.Build.0 = Debug|Any CPU
		{BAE13D44-9994-05CD-A5CF-32F23C2233F6}.Release|Any CPU.ActiveCfg = Release|Any CPU
		{BAE13D44-9994-05CD-A5CF-32F23C2233F6}.Release|Any CPU.Build.0 = Release|Any CPU
		{BAE13D44-9994-05CD-A5CF-32F23C2233F6}.Release|x64.ActiveCfg = Release|Any CPU
		{BAE13D44-9994-05CD-A5CF-32F23C2233F6}.Release|x64.Build.0 = Release|Any CPU
		{BAE13D44-9994-05CD-A5CF-32F23C2233F6}.Release|x86.ActiveCfg = Release|Any CPU
		{BAE13D44-9994-05CD-A5CF-32F23C2233F6}.Release|x86.Build.0 = Release|Any CPU
	EndGlobalSection
	GlobalSection(SolutionProperties) = preSolution
		HideSolutionNode = FALSE
	EndGlobalSection
	GlobalSection(NestedProjects) = preSolution
		{C7812F4F-2252-4F01-A392-92687F289FD1} = {7266C4A9-E384-DC00-0EB6-47F6002CFBA7}
		{080F7DB6-5FE5-4920-ACFD-D05E8E37913A} = {7266C4A9-E384-DC00-0EB6-47F6002CFBA7}
		{7C38E7AF-6D65-4F45-986C-5F8584ECDB9B} = {7266C4A9-E384-DC00-0EB6-47F6002CFBA7}
		{C721383F-3AC3-49A7-A369-A1E4D17D4E66} = {C3A202AD-EADD-4864-49DF-ED20E2971546}
		{D0F413A4-5BBA-7208-D195-C9A04B258A27} = {5854FF58-B8C5-05C6-5BF2-ACE42193F22B}
		{1F444954-9FDC-4927-AC40-928B58A54BC8} = {D0F413A4-5BBA-7208-D195-C9A04B258A27}
		{5A5927F7-C360-46D7-BFD1-AC062DDF7650} = {D0F413A4-5BBA-7208-D195-C9A04B258A27}
		{A4C6C277-42E7-4020-9155-4540BC6B9D31} = {D0F413A4-5BBA-7208-D195-C9A04B258A27}
		{7FEF197C-29AE-426A-8A2E-378A4514DFBA} = {D0F413A4-5BBA-7208-D195-C9A04B258A27}
		{1F298FE1-453C-F6BF-5340-2BE62CA6E8BD} = {0AB3BF05-4346-4AA6-1389-037BE0695223}
		{729A3547-57C1-423E-82F1-6D89D46CE84A} = {1F298FE1-453C-F6BF-5340-2BE62CA6E8BD}
		{AAF6E781-15D8-4EB2-91DA-7038B5FA2B69} = {1F298FE1-453C-F6BF-5340-2BE62CA6E8BD}
		{81C5FF0A-6941-4A42-E912-C1CFE77F0226} = {5854FF58-B8C5-05C6-5BF2-ACE42193F22B}
		{81505EAF-3A30-460F-A034-6CA9A5027BD0} = {81C5FF0A-6941-4A42-E912-C1CFE77F0226}
		{940F4BF5-2476-4E12-BC19-33967DBB243F} = {81C5FF0A-6941-4A42-E912-C1CFE77F0226}
		{3DDF0159-47AD-4F92-8161-53BF977333EC} = {81C5FF0A-6941-4A42-E912-C1CFE77F0226}
		{61CE41CF-447E-47C6-8C4E-AE45137E2DE0} = {81C5FF0A-6941-4A42-E912-C1CFE77F0226}
		{70B44E0C-5DCD-0C74-B54B-46D96F913B34} = {0AB3BF05-4346-4AA6-1389-037BE0695223}
		{53CC8210-AB0D-4423-A662-1411F6F75303} = {70B44E0C-5DCD-0C74-B54B-46D96F913B34}
		{604F66F3-2BEF-4EE4-80EF-AD7FB2EDD8C4} = {70B44E0C-5DCD-0C74-B54B-46D96F913B34}
		{C5760A32-6F1B-A540-919A-F9AA37DEFC63} = {5854FF58-B8C5-05C6-5BF2-ACE42193F22B}
		{CDA1C075-4A54-4522-8CBF-F7B84D4300B6} = {C5760A32-6F1B-A540-919A-F9AA37DEFC63}
		{51563A99-A371-4C26-BE64-E74559408A42} = {C5760A32-6F1B-A540-919A-F9AA37DEFC63}
		{59081574-A126-4AE4-B738-118DC85F342D} = {C5760A32-6F1B-A540-919A-F9AA37DEFC63}
		{B26C719E-90DA-4168-89AB-DBC4607C268B} = {C5760A32-6F1B-A540-919A-F9AA37DEFC63}
		{D0B48F9C-CFD9-30F6-6B83-606D10182C22} = {0AB3BF05-4346-4AA6-1389-037BE0695223}
		{677A4AE8-8CC5-4CB8-B4E4-039CE576CD41} = {D0B48F9C-CFD9-30F6-6B83-606D10182C22}
		{28573AD7-D6C5-4348-BB14-5C7CE26B3101} = {D0B48F9C-CFD9-30F6-6B83-606D10182C22}
		{1B99617F-2110-075A-BABA-92E9E80AB82A} = {5854FF58-B8C5-05C6-5BF2-ACE42193F22B}
		{EF920A5F-515B-45EB-9BAD-4FA7C38C8AE5} = {1B99617F-2110-075A-BABA-92E9E80AB82A}
		{3D8C9E62-D1E3-443F-8501-D27EED9E524D} = {1B99617F-2110-075A-BABA-92E9E80AB82A}
		{0CBFE806-61B0-439E-9DEC-F99441CE759E} = {1B99617F-2110-075A-BABA-92E9E80AB82A}
		{E6D7293F-751E-08D4-F156-3E60E7DA2702} = {0AB3BF05-4346-4AA6-1389-037BE0695223}
		{0EDF1703-1FF2-4C23-99A1-AB6E2728AC43} = {E6D7293F-751E-08D4-F156-3E60E7DA2702}
		{F8F5CAEF-B8E7-4095-B545-F7E1AFC320CF} = {E6D7293F-751E-08D4-F156-3E60E7DA2702}
		{714CC2AF-245C-D6B1-E117-A1157E62AF44} = {5854FF58-B8C5-05C6-5BF2-ACE42193F22B}
		{9E507802-0BF9-4053-8D48-C1BACF8E2FA0} = {714CC2AF-245C-D6B1-E117-A1157E62AF44}
		{62A929B7-CFB8-4E14-8FF8-E702A8195C5B} = {714CC2AF-245C-D6B1-E117-A1157E62AF44}
		{09F03C05-F2B6-4B1E-BECB-911A55F4A109} = {714CC2AF-245C-D6B1-E117-A1157E62AF44}
		{77680541-2776-4B90-825E-5975B182BF02} = {714CC2AF-245C-D6B1-E117-A1157E62AF44}
		{B7EE82CF-805A-C1B2-5DB7-B308AD7340B4} = {0AB3BF05-4346-4AA6-1389-037BE0695223}
		{CDD4C65E-13F7-4AF7-BA59-493CF62BC086} = {B7EE82CF-805A-C1B2-5DB7-B308AD7340B4}
		{88E5A3E8-CC3D-47A3-BD2D-C2A1FD2260D6} = {B7EE82CF-805A-C1B2-5DB7-B308AD7340B4}
		{BD41F2D9-5CF1-47AF-DD4C-8F9BDB1570AB} = {5854FF58-B8C5-05C6-5BF2-ACE42193F22B}
		{C743A3B7-B186-4B85-BD22-A46915F043C0} = {BD41F2D9-5CF1-47AF-DD4C-8F9BDB1570AB}
		{0AF533B3-B7D2-4B8A-8950-1BE49897A4BB} = {BD41F2D9-5CF1-47AF-DD4C-8F9BDB1570AB}
		{1C17E930-C26C-49A1-83D3-C00FF33E33A1} = {BD41F2D9-5CF1-47AF-DD4C-8F9BDB1570AB}
		{A199BA0D-321B-4A02-8E02-9A19CE46E913} = {BD41F2D9-5CF1-47AF-DD4C-8F9BDB1570AB}
		{67B27323-25F2-8682-CE3E-8801FE3937A4} = {0AB3BF05-4346-4AA6-1389-037BE0695223}
		{07140E9C-3F3B-4A4A-8D46-1FC013BBE470} = {67B27323-25F2-8682-CE3E-8801FE3937A4}
		{FD6A5E32-C930-4DBC-89D9-87CFED2616EA} = {67B27323-25F2-8682-CE3E-8801FE3937A4}
		{945EC6EF-05EB-58C8-115F-1B71AC3C36BA} = {5854FF58-B8C5-05C6-5BF2-ACE42193F22B}
		{1485A329-CAAA-4EAC-A65C-ADE047324DD2} = {945EC6EF-05EB-58C8-115F-1B71AC3C36BA}
		{E915783D-E50F-4552-8D2C-A800505A1688} = {945EC6EF-05EB-58C8-115F-1B71AC3C36BA}
		{D43D39DC-DAA7-4F8C-86EA-60B7D0B2483B} = {945EC6EF-05EB-58C8-115F-1B71AC3C36BA}
		{1C11C9D7-B4C2-488E-A2EB-9D4D4063519A} = {945EC6EF-05EB-58C8-115F-1B71AC3C36BA}
		{B6F2051A-458D-A611-CB08-BE984F3A9E9C} = {0AB3BF05-4346-4AA6-1389-037BE0695223}
		{25AA7EEE-38F2-4BD7-B0EE-C07400EB7E15} = {B6F2051A-458D-A611-CB08-BE984F3A9E9C}
		{DD34BE03-5B69-412F-96A8-07D8C3226289} = {B6F2051A-458D-A611-CB08-BE984F3A9E9C}
		{BAE13D44-9994-05CD-A5CF-32F23C2233F6} = {1B99617F-2110-075A-BABA-92E9E80AB82A}
	EndGlobalSection
	GlobalSection(ExtensibilityGlobals) = postSolution
		SolutionGuid = {F913EFB4-B5A8-467E-A2FD-2A96A0B5DE55}
	EndGlobalSection
EndGlobal
